// !$*UTF8*$!
{
	archiveVersion = 1;
	classes = {
	};
	objectVersion = 56;
	objects = {

/* Begin PBXBuildFile section */
		035CC80296BE28E7E48B0744 /* Pods_Monasba.framework in Frameworks */ = {isa = PBXBuildFile; fileRef = FAA66330CCBC04BB0F75DC81 /* Pods_Monasba.framework */; };
		6520853F29FFB99A00C38B45 /* RegisterVerifyViewController.swift in Sources */ = {isa = PBXBuildFile; fileRef = 6520853E29FFB99900C38B45 /* RegisterVerifyViewController.swift */; };
		652085412A00416800C38B45 /* GeneralObject.swift in Sources */ = {isa = PBXBuildFile; fileRef = 652085402A00416800C38B45 /* GeneralObject.swift */; };
		652711EA29EBF7EB00D503F9 /* LoginViewController.swift in Sources */ = {isa = PBXBuildFile; fileRef = 652711E929EBF7EB00D503F9 /* LoginViewController.swift */; };
		652711ED29EBF81600D503F9 /* RegisterViewController.swift in Sources */ = {isa = PBXBuildFile; fileRef = 652711EC29EBF81600D503F9 /* RegisterViewController.swift */; };
		652711F029EBF84300D503F9 /* ForgetPasswordViewController.swift in Sources */ = {isa = PBXBuildFile; fileRef = 652711EF29EBF84300D503F9 /* ForgetPasswordViewController.swift */; };
		652711F229EBF85700D503F9 /* VerifyCodeViewController.swift in Sources */ = {isa = PBXBuildFile; fileRef = 652711F129EBF85700D503F9 /* VerifyCodeViewController.swift */; };
		652711F429EBF87900D503F9 /* ResetPsswordViewController.swift in Sources */ = {isa = PBXBuildFile; fileRef = 652711F329EBF87900D503F9 /* ResetPsswordViewController.swift */; };
		65400C5229FB0F40009E07C9 /* CategoryController.swift in Sources */ = {isa = PBXBuildFile; fileRef = 65400C5129FB0F40009E07C9 /* CategoryController.swift */; };
		65400C5429FB28DA009E07C9 /* CountryController.swift in Sources */ = {isa = PBXBuildFile; fileRef = 65400C5329FB28DA009E07C9 /* CountryController.swift */; };
		65400C5629FB28E8009E07C9 /* Country.swift in Sources */ = {isa = PBXBuildFile; fileRef = 65400C5529FB28E8009E07C9 /* Country.swift */; };
		65495D7A2A1CC7BF00A23579 /* Ask.swift in Sources */ = {isa = PBXBuildFile; fileRef = 65495D792A1CC7BF00A23579 /* Ask.swift */; };
		65495D7C2A1DF02900A23579 /* AskTableViewCell.swift in Sources */ = {isa = PBXBuildFile; fileRef = 65495D7B2A1DF02900A23579 /* AskTableViewCell.swift */; };
		65495D7E2A1DFEFE00A23579 /* SearchAskViewController.swift in Sources */ = {isa = PBXBuildFile; fileRef = 65495D7D2A1DFEFE00A23579 /* SearchAskViewController.swift */; };
		656D773B2A1F04A6004EB289 /* NotificationTableViewCell.swift in Sources */ = {isa = PBXBuildFile; fileRef = 656D773A2A1F04A6004EB289 /* NotificationTableViewCell.swift */; };
		656D773D2A1F09B1004EB289 /* UserNotification.swift in Sources */ = {isa = PBXBuildFile; fileRef = 656D773C2A1F09B1004EB289 /* UserNotification.swift */; };
		656D77402A1F0D88004EB289 /* NotificationsViewController.swift in Sources */ = {isa = PBXBuildFile; fileRef = 656D773F2A1F0D88004EB289 /* NotificationsViewController.swift */; };
		656FB05729FD5D5D00751C6C /* CityViewController.swift in Sources */ = {isa = PBXBuildFile; fileRef = 656FB05629FD5D5D00751C6C /* CityViewController.swift */; };
		656FB05929FD5D6C00751C6C /* CitiesViewController.swift in Sources */ = {isa = PBXBuildFile; fileRef = 656FB05829FD5D6C00751C6C /* CitiesViewController.swift */; };
		657E70452A006FEB0079C558 /* ForgetPasswordModel.swift in Sources */ = {isa = PBXBuildFile; fileRef = 657E70442A006FEB0079C558 /* ForgetPasswordModel.swift */; };
		658D00382A135D4E00F512E9 /* ReportCommentViewController.swift in Sources */ = {isa = PBXBuildFile; fileRef = 658D00372A135D4E00F512E9 /* ReportCommentViewController.swift */; };
		658D003A2A153EC900F512E9 /* ReportTableViewCell.swift in Sources */ = {isa = PBXBuildFile; fileRef = 658D00392A153EC900F512E9 /* ReportTableViewCell.swift */; };
		658D003C2A15F22200F512E9 /* Search.storyboard in Resources */ = {isa = PBXBuildFile; fileRef = 658D003B2A15F22200F512E9 /* Search.storyboard */; };
		658DE50E29F7FB920015D549 /* HomeViewController.swift in Sources */ = {isa = PBXBuildFile; fileRef = 658DE50D29F7FB920015D549 /* HomeViewController.swift */; };
		658DE51229F828ED0015D549 /* SortViewController.swift in Sources */ = {isa = PBXBuildFile; fileRef = 658DE51129F828ED0015D549 /* SortViewController.swift */; };
		658DE51729F82B690015D549 /* MainCategoryCollectionViewCell.swift in Sources */ = {isa = PBXBuildFile; fileRef = 658DE51629F82B690015D549 /* MainCategoryCollectionViewCell.swift */; };
		658DE51A29F82BE30015D549 /* Category.swift in Sources */ = {isa = PBXBuildFile; fileRef = 658DE51929F82BE30015D549 /* Category.swift */; };
		658DE51C29F82CDF0015D549 /* SubCategoryCollectionViewCell.swift in Sources */ = {isa = PBXBuildFile; fileRef = 658DE51B29F82CDF0015D549 /* SubCategoryCollectionViewCell.swift */; };
		658DE51E29F82D5F0015D549 /* ProductCollectionViewCell.swift in Sources */ = {isa = PBXBuildFile; fileRef = 658DE51D29F82D5F0015D549 /* ProductCollectionViewCell.swift */; };
		658DE52029F82D740015D549 /* Product.swift in Sources */ = {isa = PBXBuildFile; fileRef = 658DE51F29F82D740015D549 /* Product.swift */; };
		658DE52329F921620015D549 /* ProductController.swift in Sources */ = {isa = PBXBuildFile; fileRef = 658DE52229F921620015D549 /* ProductController.swift */; };
		658DE52529F921E90015D549 /* APIConnection.swift in Sources */ = {isa = PBXBuildFile; fileRef = 658DE52429F921E90015D549 /* APIConnection.swift */; };
		6594DE4029FF1E2B00018AF5 /* StateViewController.swift in Sources */ = {isa = PBXBuildFile; fileRef = 6594DE3F29FF1E2B00018AF5 /* StateViewController.swift */; };
		659987FA2A1F3E2900DBD8EE /* CommentRepliesViewController.swift in Sources */ = {isa = PBXBuildFile; fileRef = 659987F92A1F3E2900DBD8EE /* CommentRepliesViewController.swift */; };
		659987FC2A1F3E7B00DBD8EE /* CommentReplyTableViewCell.swift in Sources */ = {isa = PBXBuildFile; fileRef = 659987FB2A1F3E7B00DBD8EE /* CommentReplyTableViewCell.swift */; };
		659987FE2A1F422C00DBD8EE /* Comment.swift in Sources */ = {isa = PBXBuildFile; fileRef = 659987FD2A1F422C00DBD8EE /* Comment.swift */; };
		659F892D29FD9A3400AFA95C /* AuthCoontroller.swift in Sources */ = {isa = PBXBuildFile; fileRef = 659F892C29FD9A3400AFA95C /* AuthCoontroller.swift */; };
		659F892F29FD9AED00AFA95C /* User.swift in Sources */ = {isa = PBXBuildFile; fileRef = 659F892E29FD9AED00AFA95C /* User.swift */; };
		65B550592A1C812F002D2264 /* SearchAdsViewController.swift in Sources */ = {isa = PBXBuildFile; fileRef = 65B550582A1C812F002D2264 /* SearchAdsViewController.swift */; };
		65B5505B2A1C863F002D2264 /* SearchController.swift in Sources */ = {isa = PBXBuildFile; fileRef = 65B5505A2A1C863F002D2264 /* SearchController.swift */; };
		65B5505D2A1CB53E002D2264 /* SearchPersonViewController.swift in Sources */ = {isa = PBXBuildFile; fileRef = 65B5505C2A1CB53E002D2264 /* SearchPersonViewController.swift */; };
		65B5505F2A1CB640002D2264 /* FollowerTableViewCell.swift in Sources */ = {isa = PBXBuildFile; fileRef = 65B5505E2A1CB640002D2264 /* FollowerTableViewCell.swift */; };
		65C7FF0029FD0A350062BFAA /* TypeViewController.swift in Sources */ = {isa = PBXBuildFile; fileRef = 65C7FEFF29FD0A350062BFAA /* TypeViewController.swift */; };
		65C7FF0229FD461D0062BFAA /* CounriesViewController.swift in Sources */ = {isa = PBXBuildFile; fileRef = 65C7FF0129FD461D0062BFAA /* CounriesViewController.swift */; };
		65C7FF0429FD46DE0062BFAA /* CountryTableViewCell.swift in Sources */ = {isa = PBXBuildFile; fileRef = 65C7FF0329FD46DE0062BFAA /* CountryTableViewCell.swift */; };
		65D61ED22A15FE4000C3FC68 /* SearchViewController.swift in Sources */ = {isa = PBXBuildFile; fileRef = 65D61ED12A15FE4000C3FC68 /* SearchViewController.swift */; };
		65DD11F729E6845D00A3B8DD /* AppDelegate.swift in Sources */ = {isa = PBXBuildFile; fileRef = 65DD11F629E6845D00A3B8DD /* AppDelegate.swift */; };
		65DD11F929E6845D00A3B8DD /* SceneDelegate.swift in Sources */ = {isa = PBXBuildFile; fileRef = 65DD11F829E6845D00A3B8DD /* SceneDelegate.swift */; };
		65DD11FB29E6845D00A3B8DD /* ViewController.swift in Sources */ = {isa = PBXBuildFile; fileRef = 65DD11FA29E6845D00A3B8DD /* ViewController.swift */; };
		65DD11FE29E6845D00A3B8DD /* Main.storyboard in Resources */ = {isa = PBXBuildFile; fileRef = 65DD11FC29E6845D00A3B8DD /* Main.storyboard */; };
		65DD120029E6845E00A3B8DD /* Assets.xcassets in Resources */ = {isa = PBXBuildFile; fileRef = 65DD11FF29E6845E00A3B8DD /* Assets.xcassets */; };
		65DD120329E6845E00A3B8DD /* LaunchScreen.storyboard in Resources */ = {isa = PBXBuildFile; fileRef = 65DD120129E6845E00A3B8DD /* LaunchScreen.storyboard */; };
		65DD120C29E6848500A3B8DD /* Auth.storyboard in Resources */ = {isa = PBXBuildFile; fileRef = 65DD120B29E6848500A3B8DD /* Auth.storyboard */; };
		65DD121E29E6915A00A3B8DD /* Constants.swift in Sources */ = {isa = PBXBuildFile; fileRef = 65DD120E29E6915A00A3B8DD /* Constants.swift */; };
		65DD121F29E6915A00A3B8DD /* Localizable.strings in Resources */ = {isa = PBXBuildFile; fileRef = 65DD120F29E6915A00A3B8DD /* Localizable.strings */; };
		65DD122029E6915A00A3B8DD /* KeyboardLayoutConstraint.swift in Sources */ = {isa = PBXBuildFile; fileRef = 65DD121129E6915A00A3B8DD /* KeyboardLayoutConstraint.swift */; };
		65DD122129E6915A00A3B8DD /* StaticFunctions.swift in Sources */ = {isa = PBXBuildFile; fileRef = 65DD121229E6915A00A3B8DD /* StaticFunctions.swift */; };
		65DD122229E6915A00A3B8DD /* Localization.swift in Sources */ = {isa = PBXBuildFile; fileRef = 65DD121329E6915A00A3B8DD /* Localization.swift */; };
		65DD122729E6915A00A3B8DD /* GeneralUIExtenstions.swift in Sources */ = {isa = PBXBuildFile; fileRef = 65DD121929E6915A00A3B8DD /* GeneralUIExtenstions.swift */; };
		65DD122829E6915A00A3B8DD /* Reachability.swift in Sources */ = {isa = PBXBuildFile; fileRef = 65DD121A29E6915A00A3B8DD /* Reachability.swift */; };
		65DD122929E6915A00A3B8DD /* UIViewControllerExtenstions.swift in Sources */ = {isa = PBXBuildFile; fileRef = 65DD121B29E6915A00A3B8DD /* UIViewControllerExtenstions.swift */; };
		65DD122A29E6915A00A3B8DD /* GradientView.swift in Sources */ = {isa = PBXBuildFile; fileRef = 65DD121C29E6915A00A3B8DD /* GradientView.swift */; };
		65DD122B29E6915A00A3B8DD /* AddingCustomFont.swift in Sources */ = {isa = PBXBuildFile; fileRef = 65DD121D29E6915A00A3B8DD /* AddingCustomFont.swift */; };
		65E15A6E2A20C045006930A4 /* ReportReplyViewController.swift in Sources */ = {isa = PBXBuildFile; fileRef = 65E15A6D2A20C045006930A4 /* ReportReplyViewController.swift */; };
		65E15A712A210B1C006930A4 /* AskSubCategoryCollectionViewCell.swift in Sources */ = {isa = PBXBuildFile; fileRef = 65E15A702A210B1C006930A4 /* AskSubCategoryCollectionViewCell.swift */; };
		65E15A732A21DA98006930A4 /* AsksViewController.swift in Sources */ = {isa = PBXBuildFile; fileRef = 65E15A722A21DA98006930A4 /* AsksViewController.swift */; };
		65E54A382A02991D00FEC9A3 /* SideCategoryCollectionViewCell.swift in Sources */ = {isa = PBXBuildFile; fileRef = 65E54A372A02991D00FEC9A3 /* SideCategoryCollectionViewCell.swift */; };
		65E54A3A2A029AE000FEC9A3 /* mainSideCategoryCollectionViewCell.swift in Sources */ = {isa = PBXBuildFile; fileRef = 65E54A392A029AE000FEC9A3 /* mainSideCategoryCollectionViewCell.swift */; };
		65E54A3C2A029CEB00FEC9A3 /* CategoryViewController.swift in Sources */ = {isa = PBXBuildFile; fileRef = 65E54A3B2A029CEB00FEC9A3 /* CategoryViewController.swift */; };
		65F746E62A03CBBE00E1C79E /* Category.storyboard in Resources */ = {isa = PBXBuildFile; fileRef = 65F746E52A03CBBE00E1C79E /* Category.storyboard */; };
		65FC220F2A1172A80077F1A2 /* ProductViewController.swift in Sources */ = {isa = PBXBuildFile; fileRef = 65FC220C2A1172A80077F1A2 /* ProductViewController.swift */; };
		65FC22102A1172A80077F1A2 /* ReportViewController.swift in Sources */ = {isa = PBXBuildFile; fileRef = 65FC220D2A1172A80077F1A2 /* ReportViewController.swift */; };
		65FC22112A1172A80077F1A2 /* CommentViewController.swift in Sources */ = {isa = PBXBuildFile; fileRef = 65FC220E2A1172A80077F1A2 /* CommentViewController.swift */; };
		65FC22132A1172BA0077F1A2 /* Product.storyboard in Resources */ = {isa = PBXBuildFile; fileRef = 65FC22122A1172BA0077F1A2 /* Product.storyboard */; };
		65FC22152A1172D30077F1A2 /* ProductCommentTableViewCell.swift in Sources */ = {isa = PBXBuildFile; fileRef = 65FC22142A1172D30077F1A2 /* ProductCommentTableViewCell.swift */; };
		65FC22172A12716E0077F1A2 /* ReplyViewController.swift in Sources */ = {isa = PBXBuildFile; fileRef = 65FC22162A12716E0077F1A2 /* ReplyViewController.swift */; };
		65FFFA142A1E933800B70368 /* GoogleService-Info.plist in Resources */ = {isa = PBXBuildFile; fileRef = 65FFFA132A1E933800B70368 /* GoogleService-Info.plist */; };
		65FFFA162A1E972600B70368 /* NotificationsController.swift in Sources */ = {isa = PBXBuildFile; fileRef = 65FFFA152A1E972600B70368 /* NotificationsController.swift */; };
		65FFFA182A1E9FF200B70368 /* Notifications.storyboard in Resources */ = {isa = PBXBuildFile; fileRef = 65FFFA172A1E9FF200B70368 /* Notifications.storyboard */; };
		C836CED42A07FC880009F20D /* AdvsImagesCollectionViewCell.swift in Sources */ = {isa = PBXBuildFile; fileRef = C836CED32A07FC880009F20D /* AdvsImagesCollectionViewCell.swift */; };
		C86678BD29FF9E7F0019AE81 /* AddAdvsVC.swift in Sources */ = {isa = PBXBuildFile; fileRef = C86678BC29FF9E7F0019AE81 /* AddAdvsVC.swift */; };
		C86678BF29FFA12B0019AE81 /* Advs.storyboard in Resources */ = {isa = PBXBuildFile; fileRef = C86678BE29FFA12B0019AE81 /* Advs.storyboard */; };
		C89D12852A10209200669FD9 /* AddAdvsController.swift in Sources */ = {isa = PBXBuildFile; fileRef = C89D12842A10209200669FD9 /* AddAdvsController.swift */; };
		C89D12872A10245B00669FD9 /* AddAdvsModel.swift in Sources */ = {isa = PBXBuildFile; fileRef = C89D12862A10245B00669FD9 /* AddAdvsModel.swift */; };
		C8A72A392A00B0FB00F9C26D /* PickupMediaPopupVC.swift in Sources */ = {isa = PBXBuildFile; fileRef = C8A72A382A00B0FB00F9C26D /* PickupMediaPopupVC.swift */; };
		C8A72A3B2A00B45600F9C26D /* SuccessAddingVC.swift in Sources */ = {isa = PBXBuildFile; fileRef = C8A72A3A2A00B45600F9C26D /* SuccessAddingVC.swift */; };
		C8A72A3F2A00C26000F9C26D /* Profile.storyboard in Resources */ = {isa = PBXBuildFile; fileRef = C8A72A3E2A00C26000F9C26D /* Profile.storyboard */; };
		C8A72A422A00C29C00F9C26D /* OtherUserProfileVC.swift in Sources */ = {isa = PBXBuildFile; fileRef = C8A72A412A00C29C00F9C26D /* OtherUserProfileVC.swift */; };
		C8A72A482A00C9EC00F9C26D /* ReportAboutUserVC.swift in Sources */ = {isa = PBXBuildFile; fileRef = C8A72A472A00C9EC00F9C26D /* ReportAboutUserVC.swift */; };
		C8A72A4A2A00CA4700F9C26D /* TableViewCell.swift in Sources */ = {isa = PBXBuildFile; fileRef = C8A72A492A00CA4700F9C26D /* TableViewCell.swift */; };
		C8CCE3342A18CFC300FFAFB2 /* MenuVC.swift in Sources */ = {isa = PBXBuildFile; fileRef = C8CCE3332A18CFC300FFAFB2 /* MenuVC.swift */; };
		C8CCE3382A18FC5F00FFAFB2 /* Menu.storyboard in Resources */ = {isa = PBXBuildFile; fileRef = C8CCE3362A18FC5F00FFAFB2 /* Menu.storyboard */; };
		C8CCE33A2A19DE9900FFAFB2 /* ProfileVC.swift in Sources */ = {isa = PBXBuildFile; fileRef = C8CCE3392A19DE9900FFAFB2 /* ProfileVC.swift */; };
		C8CCE33C2A19E29200FFAFB2 /* LocalizedImage.swift in Sources */ = {isa = PBXBuildFile; fileRef = C8CCE33B2A19E29200FFAFB2 /* LocalizedImage.swift */; };
		C8CCE33E2A19E33B00FFAFB2 /* ProfileController.swift in Sources */ = {isa = PBXBuildFile; fileRef = C8CCE33D2A19E33B00FFAFB2 /* ProfileController.swift */; };
		C8CCE3402A19E81100FFAFB2 /* Profile.swift in Sources */ = {isa = PBXBuildFile; fileRef = C8CCE33F2A19E81100FFAFB2 /* Profile.swift */; };
		C8CCE3432A1A0D4500FFAFB2 /* ProfileProductsCollectionViewCell.swift in Sources */ = {isa = PBXBuildFile; fileRef = C8CCE3412A1A0D4500FFAFB2 /* ProfileProductsCollectionViewCell.swift */; };
		C8CCE3442A1A0D4500FFAFB2 /* ProfileProductsCollectionViewCell.xib in Resources */ = {isa = PBXBuildFile; fileRef = C8CCE3422A1A0D4500FFAFB2 /* ProfileProductsCollectionViewCell.xib */; };
/* End PBXBuildFile section */

/* Begin PBXFileReference section */
		3AAA4616B8394696D95E23AB /* Pods-Monasba.release.xcconfig */ = {isa = PBXFileReference; includeInIndex = 1; lastKnownFileType = text.xcconfig; name = "Pods-Monasba.release.xcconfig"; path = "Target Support Files/Pods-Monasba/Pods-Monasba.release.xcconfig"; sourceTree = "<group>"; };
		6520853E29FFB99900C38B45 /* RegisterVerifyViewController.swift */ = {isa = PBXFileReference; lastKnownFileType = sourcecode.swift; path = RegisterVerifyViewController.swift; sourceTree = "<group>"; };
		652085402A00416800C38B45 /* GeneralObject.swift */ = {isa = PBXFileReference; lastKnownFileType = sourcecode.swift; path = GeneralObject.swift; sourceTree = "<group>"; };
		652711E929EBF7EB00D503F9 /* LoginViewController.swift */ = {isa = PBXFileReference; lastKnownFileType = sourcecode.swift; path = LoginViewController.swift; sourceTree = "<group>"; };
		652711EC29EBF81600D503F9 /* RegisterViewController.swift */ = {isa = PBXFileReference; lastKnownFileType = sourcecode.swift; path = RegisterViewController.swift; sourceTree = "<group>"; };
		652711EF29EBF84300D503F9 /* ForgetPasswordViewController.swift */ = {isa = PBXFileReference; lastKnownFileType = sourcecode.swift; path = ForgetPasswordViewController.swift; sourceTree = "<group>"; };
		652711F129EBF85700D503F9 /* VerifyCodeViewController.swift */ = {isa = PBXFileReference; lastKnownFileType = sourcecode.swift; path = VerifyCodeViewController.swift; sourceTree = "<group>"; };
		652711F329EBF87900D503F9 /* ResetPsswordViewController.swift */ = {isa = PBXFileReference; lastKnownFileType = sourcecode.swift; path = ResetPsswordViewController.swift; sourceTree = "<group>"; };
		65400C5129FB0F40009E07C9 /* CategoryController.swift */ = {isa = PBXFileReference; lastKnownFileType = sourcecode.swift; path = CategoryController.swift; sourceTree = "<group>"; };
		65400C5329FB28DA009E07C9 /* CountryController.swift */ = {isa = PBXFileReference; lastKnownFileType = sourcecode.swift; path = CountryController.swift; sourceTree = "<group>"; };
		65400C5529FB28E8009E07C9 /* Country.swift */ = {isa = PBXFileReference; lastKnownFileType = sourcecode.swift; path = Country.swift; sourceTree = "<group>"; };
		65495D792A1CC7BF00A23579 /* Ask.swift */ = {isa = PBXFileReference; lastKnownFileType = sourcecode.swift; path = Ask.swift; sourceTree = "<group>"; };
		65495D7B2A1DF02900A23579 /* AskTableViewCell.swift */ = {isa = PBXFileReference; lastKnownFileType = sourcecode.swift; path = AskTableViewCell.swift; sourceTree = "<group>"; };
		65495D7D2A1DFEFE00A23579 /* SearchAskViewController.swift */ = {isa = PBXFileReference; lastKnownFileType = sourcecode.swift; path = SearchAskViewController.swift; sourceTree = "<group>"; };
		656D773A2A1F04A6004EB289 /* NotificationTableViewCell.swift */ = {isa = PBXFileReference; lastKnownFileType = sourcecode.swift; path = NotificationTableViewCell.swift; sourceTree = "<group>"; };
		656D773C2A1F09B1004EB289 /* UserNotification.swift */ = {isa = PBXFileReference; lastKnownFileType = sourcecode.swift; path = UserNotification.swift; sourceTree = "<group>"; };
		656D773F2A1F0D88004EB289 /* NotificationsViewController.swift */ = {isa = PBXFileReference; lastKnownFileType = sourcecode.swift; path = NotificationsViewController.swift; sourceTree = "<group>"; };
		656FB05629FD5D5D00751C6C /* CityViewController.swift */ = {isa = PBXFileReference; lastKnownFileType = sourcecode.swift; path = CityViewController.swift; sourceTree = "<group>"; };
		656FB05829FD5D6C00751C6C /* CitiesViewController.swift */ = {isa = PBXFileReference; lastKnownFileType = sourcecode.swift; path = CitiesViewController.swift; sourceTree = "<group>"; };
		657E70442A006FEB0079C558 /* ForgetPasswordModel.swift */ = {isa = PBXFileReference; lastKnownFileType = sourcecode.swift; path = ForgetPasswordModel.swift; sourceTree = "<group>"; };
		658D00372A135D4E00F512E9 /* ReportCommentViewController.swift */ = {isa = PBXFileReference; lastKnownFileType = sourcecode.swift; path = ReportCommentViewController.swift; sourceTree = "<group>"; };
		658D00392A153EC900F512E9 /* ReportTableViewCell.swift */ = {isa = PBXFileReference; lastKnownFileType = sourcecode.swift; path = ReportTableViewCell.swift; sourceTree = "<group>"; };
		658D003B2A15F22200F512E9 /* Search.storyboard */ = {isa = PBXFileReference; lastKnownFileType = file.storyboard; path = Search.storyboard; sourceTree = "<group>"; };
		658DE50D29F7FB920015D549 /* HomeViewController.swift */ = {isa = PBXFileReference; lastKnownFileType = sourcecode.swift; path = HomeViewController.swift; sourceTree = "<group>"; };
		658DE51129F828ED0015D549 /* SortViewController.swift */ = {isa = PBXFileReference; lastKnownFileType = sourcecode.swift; path = SortViewController.swift; sourceTree = "<group>"; };
		658DE51629F82B690015D549 /* MainCategoryCollectionViewCell.swift */ = {isa = PBXFileReference; lastKnownFileType = sourcecode.swift; path = MainCategoryCollectionViewCell.swift; sourceTree = "<group>"; };
		658DE51929F82BE30015D549 /* Category.swift */ = {isa = PBXFileReference; lastKnownFileType = sourcecode.swift; path = Category.swift; sourceTree = "<group>"; };
		658DE51B29F82CDF0015D549 /* SubCategoryCollectionViewCell.swift */ = {isa = PBXFileReference; lastKnownFileType = sourcecode.swift; path = SubCategoryCollectionViewCell.swift; sourceTree = "<group>"; };
		658DE51D29F82D5F0015D549 /* ProductCollectionViewCell.swift */ = {isa = PBXFileReference; lastKnownFileType = sourcecode.swift; path = ProductCollectionViewCell.swift; sourceTree = "<group>"; };
		658DE51F29F82D740015D549 /* Product.swift */ = {isa = PBXFileReference; lastKnownFileType = sourcecode.swift; path = Product.swift; sourceTree = "<group>"; };
		658DE52229F921620015D549 /* ProductController.swift */ = {isa = PBXFileReference; lastKnownFileType = sourcecode.swift; path = ProductController.swift; sourceTree = "<group>"; };
		658DE52429F921E90015D549 /* APIConnection.swift */ = {isa = PBXFileReference; lastKnownFileType = sourcecode.swift; path = APIConnection.swift; sourceTree = "<group>"; };
		6594DE3F29FF1E2B00018AF5 /* StateViewController.swift */ = {isa = PBXFileReference; lastKnownFileType = sourcecode.swift; path = StateViewController.swift; sourceTree = "<group>"; };
		659987F92A1F3E2900DBD8EE /* CommentRepliesViewController.swift */ = {isa = PBXFileReference; lastKnownFileType = sourcecode.swift; path = CommentRepliesViewController.swift; sourceTree = "<group>"; };
		659987FB2A1F3E7B00DBD8EE /* CommentReplyTableViewCell.swift */ = {isa = PBXFileReference; lastKnownFileType = sourcecode.swift; path = CommentReplyTableViewCell.swift; sourceTree = "<group>"; };
		659987FD2A1F422C00DBD8EE /* Comment.swift */ = {isa = PBXFileReference; lastKnownFileType = sourcecode.swift; path = Comment.swift; sourceTree = "<group>"; };
		659F892C29FD9A3400AFA95C /* AuthCoontroller.swift */ = {isa = PBXFileReference; lastKnownFileType = sourcecode.swift; path = AuthCoontroller.swift; sourceTree = "<group>"; };
		659F892E29FD9AED00AFA95C /* User.swift */ = {isa = PBXFileReference; lastKnownFileType = sourcecode.swift; path = User.swift; sourceTree = "<group>"; };
		65B550582A1C812F002D2264 /* SearchAdsViewController.swift */ = {isa = PBXFileReference; lastKnownFileType = sourcecode.swift; path = SearchAdsViewController.swift; sourceTree = "<group>"; };
		65B5505A2A1C863F002D2264 /* SearchController.swift */ = {isa = PBXFileReference; lastKnownFileType = sourcecode.swift; path = SearchController.swift; sourceTree = "<group>"; };
		65B5505C2A1CB53E002D2264 /* SearchPersonViewController.swift */ = {isa = PBXFileReference; lastKnownFileType = sourcecode.swift; path = SearchPersonViewController.swift; sourceTree = "<group>"; };
		65B5505E2A1CB640002D2264 /* FollowerTableViewCell.swift */ = {isa = PBXFileReference; lastKnownFileType = sourcecode.swift; path = FollowerTableViewCell.swift; sourceTree = "<group>"; };
		65C7FEFF29FD0A350062BFAA /* TypeViewController.swift */ = {isa = PBXFileReference; lastKnownFileType = sourcecode.swift; path = TypeViewController.swift; sourceTree = "<group>"; };
		65C7FF0129FD461D0062BFAA /* CounriesViewController.swift */ = {isa = PBXFileReference; lastKnownFileType = sourcecode.swift; path = CounriesViewController.swift; sourceTree = "<group>"; };
		65C7FF0329FD46DE0062BFAA /* CountryTableViewCell.swift */ = {isa = PBXFileReference; lastKnownFileType = sourcecode.swift; path = CountryTableViewCell.swift; sourceTree = "<group>"; };
		65D61ED12A15FE4000C3FC68 /* SearchViewController.swift */ = {isa = PBXFileReference; lastKnownFileType = sourcecode.swift; path = SearchViewController.swift; sourceTree = "<group>"; };
		65DD11F329E6845D00A3B8DD /* Monasba.app */ = {isa = PBXFileReference; explicitFileType = wrapper.application; includeInIndex = 0; path = Monasba.app; sourceTree = BUILT_PRODUCTS_DIR; };
		65DD11F629E6845D00A3B8DD /* AppDelegate.swift */ = {isa = PBXFileReference; lastKnownFileType = sourcecode.swift; path = AppDelegate.swift; sourceTree = "<group>"; };
		65DD11F829E6845D00A3B8DD /* SceneDelegate.swift */ = {isa = PBXFileReference; lastKnownFileType = sourcecode.swift; path = SceneDelegate.swift; sourceTree = "<group>"; };
		65DD11FA29E6845D00A3B8DD /* ViewController.swift */ = {isa = PBXFileReference; lastKnownFileType = sourcecode.swift; path = ViewController.swift; sourceTree = "<group>"; };
		65DD11FD29E6845D00A3B8DD /* Base */ = {isa = PBXFileReference; lastKnownFileType = file.storyboard; name = Base; path = Base.lproj/Main.storyboard; sourceTree = "<group>"; };
		65DD11FF29E6845E00A3B8DD /* Assets.xcassets */ = {isa = PBXFileReference; lastKnownFileType = folder.assetcatalog; path = Assets.xcassets; sourceTree = "<group>"; };
		65DD120229E6845E00A3B8DD /* Base */ = {isa = PBXFileReference; lastKnownFileType = file.storyboard; name = Base; path = Base.lproj/LaunchScreen.storyboard; sourceTree = "<group>"; };
		65DD120429E6845E00A3B8DD /* Info.plist */ = {isa = PBXFileReference; lastKnownFileType = text.plist.xml; path = Info.plist; sourceTree = "<group>"; };
		65DD120B29E6848500A3B8DD /* Auth.storyboard */ = {isa = PBXFileReference; lastKnownFileType = file.storyboard; path = Auth.storyboard; sourceTree = "<group>"; };
		65DD120E29E6915A00A3B8DD /* Constants.swift */ = {isa = PBXFileReference; fileEncoding = 4; lastKnownFileType = sourcecode.swift; path = Constants.swift; sourceTree = "<group>"; };
		65DD121029E6915A00A3B8DD /* ar */ = {isa = PBXFileReference; lastKnownFileType = text.plist.strings; name = ar; path = ar.lproj/Localizable.strings; sourceTree = "<group>"; };
		65DD121129E6915A00A3B8DD /* KeyboardLayoutConstraint.swift */ = {isa = PBXFileReference; fileEncoding = 4; lastKnownFileType = sourcecode.swift; path = KeyboardLayoutConstraint.swift; sourceTree = "<group>"; };
		65DD121229E6915A00A3B8DD /* StaticFunctions.swift */ = {isa = PBXFileReference; fileEncoding = 4; lastKnownFileType = sourcecode.swift; path = StaticFunctions.swift; sourceTree = "<group>"; };
		65DD121329E6915A00A3B8DD /* Localization.swift */ = {isa = PBXFileReference; fileEncoding = 4; lastKnownFileType = sourcecode.swift; path = Localization.swift; sourceTree = "<group>"; };
		65DD121929E6915A00A3B8DD /* GeneralUIExtenstions.swift */ = {isa = PBXFileReference; fileEncoding = 4; lastKnownFileType = sourcecode.swift; path = GeneralUIExtenstions.swift; sourceTree = "<group>"; };
		65DD121A29E6915A00A3B8DD /* Reachability.swift */ = {isa = PBXFileReference; fileEncoding = 4; lastKnownFileType = sourcecode.swift; path = Reachability.swift; sourceTree = "<group>"; };
		65DD121B29E6915A00A3B8DD /* UIViewControllerExtenstions.swift */ = {isa = PBXFileReference; fileEncoding = 4; lastKnownFileType = sourcecode.swift; path = UIViewControllerExtenstions.swift; sourceTree = "<group>"; };
		65DD121C29E6915A00A3B8DD /* GradientView.swift */ = {isa = PBXFileReference; fileEncoding = 4; lastKnownFileType = sourcecode.swift; path = GradientView.swift; sourceTree = "<group>"; };
		65DD121D29E6915A00A3B8DD /* AddingCustomFont.swift */ = {isa = PBXFileReference; fileEncoding = 4; lastKnownFileType = sourcecode.swift; path = AddingCustomFont.swift; sourceTree = "<group>"; };
		65E15A6D2A20C045006930A4 /* ReportReplyViewController.swift */ = {isa = PBXFileReference; lastKnownFileType = sourcecode.swift; path = ReportReplyViewController.swift; sourceTree = "<group>"; };
		65E15A6F2A20C473006930A4 /* Monasba.entitlements */ = {isa = PBXFileReference; lastKnownFileType = text.plist.entitlements; path = Monasba.entitlements; sourceTree = "<group>"; };
		65E15A702A210B1C006930A4 /* AskSubCategoryCollectionViewCell.swift */ = {isa = PBXFileReference; lastKnownFileType = sourcecode.swift; path = AskSubCategoryCollectionViewCell.swift; sourceTree = "<group>"; };
		65E15A722A21DA98006930A4 /* AsksViewController.swift */ = {isa = PBXFileReference; lastKnownFileType = sourcecode.swift; path = AsksViewController.swift; sourceTree = "<group>"; };
		65E54A372A02991D00FEC9A3 /* SideCategoryCollectionViewCell.swift */ = {isa = PBXFileReference; lastKnownFileType = sourcecode.swift; path = SideCategoryCollectionViewCell.swift; sourceTree = "<group>"; };
		65E54A392A029AE000FEC9A3 /* mainSideCategoryCollectionViewCell.swift */ = {isa = PBXFileReference; lastKnownFileType = sourcecode.swift; path = mainSideCategoryCollectionViewCell.swift; sourceTree = "<group>"; };
		65E54A3B2A029CEB00FEC9A3 /* CategoryViewController.swift */ = {isa = PBXFileReference; lastKnownFileType = sourcecode.swift; path = CategoryViewController.swift; sourceTree = "<group>"; };
		65F746E52A03CBBE00E1C79E /* Category.storyboard */ = {isa = PBXFileReference; lastKnownFileType = file.storyboard; path = Category.storyboard; sourceTree = "<group>"; };
		65FC220C2A1172A80077F1A2 /* ProductViewController.swift */ = {isa = PBXFileReference; fileEncoding = 4; lastKnownFileType = sourcecode.swift; path = ProductViewController.swift; sourceTree = "<group>"; };
		65FC220D2A1172A80077F1A2 /* ReportViewController.swift */ = {isa = PBXFileReference; fileEncoding = 4; lastKnownFileType = sourcecode.swift; path = ReportViewController.swift; sourceTree = "<group>"; };
		65FC220E2A1172A80077F1A2 /* CommentViewController.swift */ = {isa = PBXFileReference; fileEncoding = 4; lastKnownFileType = sourcecode.swift; path = CommentViewController.swift; sourceTree = "<group>"; };
		65FC22122A1172BA0077F1A2 /* Product.storyboard */ = {isa = PBXFileReference; fileEncoding = 4; lastKnownFileType = file.storyboard; path = Product.storyboard; sourceTree = "<group>"; };
		65FC22142A1172D30077F1A2 /* ProductCommentTableViewCell.swift */ = {isa = PBXFileReference; fileEncoding = 4; lastKnownFileType = sourcecode.swift; path = ProductCommentTableViewCell.swift; sourceTree = "<group>"; };
		65FC22162A12716E0077F1A2 /* ReplyViewController.swift */ = {isa = PBXFileReference; lastKnownFileType = sourcecode.swift; path = ReplyViewController.swift; sourceTree = "<group>"; };
		65FFFA132A1E933800B70368 /* GoogleService-Info.plist */ = {isa = PBXFileReference; fileEncoding = 4; lastKnownFileType = text.plist.xml; path = "GoogleService-Info.plist"; sourceTree = "<group>"; };
		65FFFA152A1E972600B70368 /* NotificationsController.swift */ = {isa = PBXFileReference; lastKnownFileType = sourcecode.swift; path = NotificationsController.swift; sourceTree = "<group>"; };
		65FFFA172A1E9FF200B70368 /* Notifications.storyboard */ = {isa = PBXFileReference; lastKnownFileType = file.storyboard; path = Notifications.storyboard; sourceTree = "<group>"; };
		C836CED32A07FC880009F20D /* AdvsImagesCollectionViewCell.swift */ = {isa = PBXFileReference; lastKnownFileType = sourcecode.swift; path = AdvsImagesCollectionViewCell.swift; sourceTree = "<group>"; };
		C86678BC29FF9E7F0019AE81 /* AddAdvsVC.swift */ = {isa = PBXFileReference; lastKnownFileType = sourcecode.swift; path = AddAdvsVC.swift; sourceTree = "<group>"; };
		C86678BE29FFA12B0019AE81 /* Advs.storyboard */ = {isa = PBXFileReference; lastKnownFileType = file.storyboard; path = Advs.storyboard; sourceTree = "<group>"; };
		C89D12842A10209200669FD9 /* AddAdvsController.swift */ = {isa = PBXFileReference; lastKnownFileType = sourcecode.swift; path = AddAdvsController.swift; sourceTree = "<group>"; };
		C89D12862A10245B00669FD9 /* AddAdvsModel.swift */ = {isa = PBXFileReference; lastKnownFileType = sourcecode.swift; path = AddAdvsModel.swift; sourceTree = "<group>"; };
		C8A72A382A00B0FB00F9C26D /* PickupMediaPopupVC.swift */ = {isa = PBXFileReference; lastKnownFileType = sourcecode.swift; path = PickupMediaPopupVC.swift; sourceTree = "<group>"; };
		C8A72A3A2A00B45600F9C26D /* SuccessAddingVC.swift */ = {isa = PBXFileReference; lastKnownFileType = sourcecode.swift; path = SuccessAddingVC.swift; sourceTree = "<group>"; };
		C8A72A3E2A00C26000F9C26D /* Profile.storyboard */ = {isa = PBXFileReference; lastKnownFileType = file.storyboard; path = Profile.storyboard; sourceTree = "<group>"; };
		C8A72A412A00C29C00F9C26D /* OtherUserProfileVC.swift */ = {isa = PBXFileReference; lastKnownFileType = sourcecode.swift; path = OtherUserProfileVC.swift; sourceTree = "<group>"; };
		C8A72A472A00C9EC00F9C26D /* ReportAboutUserVC.swift */ = {isa = PBXFileReference; lastKnownFileType = sourcecode.swift; path = ReportAboutUserVC.swift; sourceTree = "<group>"; };
		C8A72A492A00CA4700F9C26D /* TableViewCell.swift */ = {isa = PBXFileReference; lastKnownFileType = sourcecode.swift; path = TableViewCell.swift; sourceTree = "<group>"; };
		C8CCE3332A18CFC300FFAFB2 /* MenuVC.swift */ = {isa = PBXFileReference; lastKnownFileType = sourcecode.swift; path = MenuVC.swift; sourceTree = "<group>"; };
		C8CCE3372A18FC5F00FFAFB2 /* Base */ = {isa = PBXFileReference; lastKnownFileType = file.storyboard; name = Base; path = Base.lproj/Menu.storyboard; sourceTree = "<group>"; };
		C8CCE3392A19DE9900FFAFB2 /* ProfileVC.swift */ = {isa = PBXFileReference; lastKnownFileType = sourcecode.swift; path = ProfileVC.swift; sourceTree = "<group>"; };
		C8CCE33B2A19E29200FFAFB2 /* LocalizedImage.swift */ = {isa = PBXFileReference; lastKnownFileType = sourcecode.swift; path = LocalizedImage.swift; sourceTree = "<group>"; };
		C8CCE33D2A19E33B00FFAFB2 /* ProfileController.swift */ = {isa = PBXFileReference; lastKnownFileType = sourcecode.swift; path = ProfileController.swift; sourceTree = "<group>"; };
		C8CCE33F2A19E81100FFAFB2 /* Profile.swift */ = {isa = PBXFileReference; lastKnownFileType = sourcecode.swift; path = Profile.swift; sourceTree = "<group>"; };
		C8CCE3412A1A0D4500FFAFB2 /* ProfileProductsCollectionViewCell.swift */ = {isa = PBXFileReference; lastKnownFileType = sourcecode.swift; path = ProfileProductsCollectionViewCell.swift; sourceTree = "<group>"; };
		C8CCE3422A1A0D4500FFAFB2 /* ProfileProductsCollectionViewCell.xib */ = {isa = PBXFileReference; lastKnownFileType = file.xib; path = ProfileProductsCollectionViewCell.xib; sourceTree = "<group>"; };
		D2935A47F02BDB207D88AACE /* Pods-Monasba.debug.xcconfig */ = {isa = PBXFileReference; includeInIndex = 1; lastKnownFileType = text.xcconfig; name = "Pods-Monasba.debug.xcconfig"; path = "Target Support Files/Pods-Monasba/Pods-Monasba.debug.xcconfig"; sourceTree = "<group>"; };
		FAA66330CCBC04BB0F75DC81 /* Pods_Monasba.framework */ = {isa = PBXFileReference; explicitFileType = wrapper.framework; includeInIndex = 0; path = Pods_Monasba.framework; sourceTree = BUILT_PRODUCTS_DIR; };
/* End PBXFileReference section */

/* Begin PBXFrameworksBuildPhase section */
		65DD11F029E6845D00A3B8DD /* Frameworks */ = {
			isa = PBXFrameworksBuildPhase;
			buildActionMask = 2147483647;
			files = (
				035CC80296BE28E7E48B0744 /* Pods_Monasba.framework in Frameworks */,
			);
			runOnlyForDeploymentPostprocessing = 0;
		};
/* End PBXFrameworksBuildPhase section */

/* Begin PBXGroup section */
		652711E829EBF7CE00D503F9 /* ViewControllers */ = {
			isa = PBXGroup;
			children = (
				656D773E2A1F0D6F004EB289 /* Notifiications */,
				C8CCE3322A18CFAF00FFAFB2 /* Menu */,
				65D61ED02A15FE2200C3FC68 /* Search */,
				65FC220B2A1172A80077F1A2 /* Product */,
				652711EB29EBF80100D503F9 /* Auth */,
				658DE50C29F7FB720015D549 /* Home */,
				65F746E72A03CC2A00E1C79E /* Categories */,
				C86678BB29FF9E270019AE81 /* Add Advs */,
				C8A72A402A00C27A00F9C26D /* Profile */,
			);
			path = ViewControllers;
			sourceTree = "<group>";
		};
		652711EB29EBF80100D503F9 /* Auth */ = {
			isa = PBXGroup;
			children = (
				652711EE29EBF81B00D503F9 /* ForgetPassword */,
				652711E929EBF7EB00D503F9 /* LoginViewController.swift */,
				652711EC29EBF81600D503F9 /* RegisterViewController.swift */,
				6520853E29FFB99900C38B45 /* RegisterVerifyViewController.swift */,
			);
			path = Auth;
			sourceTree = "<group>";
		};
		652711EE29EBF81B00D503F9 /* ForgetPassword */ = {
			isa = PBXGroup;
			children = (
				652711EF29EBF84300D503F9 /* ForgetPasswordViewController.swift */,
				652711F129EBF85700D503F9 /* VerifyCodeViewController.swift */,
				652711F329EBF87900D503F9 /* ResetPsswordViewController.swift */,
			);
			path = ForgetPassword;
			sourceTree = "<group>";
		};
		656D773E2A1F0D6F004EB289 /* Notifiications */ = {
			isa = PBXGroup;
			children = (
				656D773F2A1F0D88004EB289 /* NotificationsViewController.swift */,
			);
			path = Notifiications;
			sourceTree = "<group>";
		};
		658DE50C29F7FB720015D549 /* Home */ = {
			isa = PBXGroup;
			children = (
				658DE50D29F7FB920015D549 /* HomeViewController.swift */,
				658DE51129F828ED0015D549 /* SortViewController.swift */,
				65C7FEFF29FD0A350062BFAA /* TypeViewController.swift */,
				65C7FF0129FD461D0062BFAA /* CounriesViewController.swift */,
				656FB05629FD5D5D00751C6C /* CityViewController.swift */,
				656FB05829FD5D6C00751C6C /* CitiesViewController.swift */,
				6594DE3F29FF1E2B00018AF5 /* StateViewController.swift */,
			);
			path = Home;
			sourceTree = "<group>";
		};
		658DE51329F82ADB0015D549 /* Cells */ = {
			isa = PBXGroup;
			children = (
				658DE51529F82AFA0015D549 /* CollectiionViewCell */,
				658DE51429F82AE80015D549 /* TableviewCell */,
			);
			path = Cells;
			sourceTree = "<group>";
		};
		658DE51429F82AE80015D549 /* TableviewCell */ = {
			isa = PBXGroup;
			children = (
				65FC22142A1172D30077F1A2 /* ProductCommentTableViewCell.swift */,
				65C7FF0329FD46DE0062BFAA /* CountryTableViewCell.swift */,
				C8A72A492A00CA4700F9C26D /* TableViewCell.swift */,
				658D00392A153EC900F512E9 /* ReportTableViewCell.swift */,
				65B5505E2A1CB640002D2264 /* FollowerTableViewCell.swift */,
				65495D7B2A1DF02900A23579 /* AskTableViewCell.swift */,
				656D773A2A1F04A6004EB289 /* NotificationTableViewCell.swift */,
				659987FB2A1F3E7B00DBD8EE /* CommentReplyTableViewCell.swift */,
			);
			path = TableviewCell;
			sourceTree = "<group>";
		};
		658DE51529F82AFA0015D549 /* CollectiionViewCell */ = {
			isa = PBXGroup;
			children = (
				C820A37F2A1A3782005AF87A /* ProfileProductsCollectionViewCell.swift */,
				658DE51629F82B690015D549 /* MainCategoryCollectionViewCell.swift */,
				658DE51B29F82CDF0015D549 /* SubCategoryCollectionViewCell.swift */,
				658DE51D29F82D5F0015D549 /* ProductCollectionViewCell.swift */,
				65E54A372A02991D00FEC9A3 /* SideCategoryCollectionViewCell.swift */,
				65E54A392A029AE000FEC9A3 /* mainSideCategoryCollectionViewCell.swift */,
				C836CED32A07FC880009F20D /* AdvsImagesCollectionViewCell.swift */,
				65E15A702A210B1C006930A4 /* AskSubCategoryCollectionViewCell.swift */,
			);
			path = CollectiionViewCell;
			sourceTree = "<group>";
		};
		658DE51829F82BD00015D549 /* Models */ = {
			isa = PBXGroup;
			children = (
				658DE51929F82BE30015D549 /* Category.swift */,
				658DE51F29F82D740015D549 /* Product.swift */,
				65400C5529FB28E8009E07C9 /* Country.swift */,
				659F892E29FD9AED00AFA95C /* User.swift */,
				652085402A00416800C38B45 /* GeneralObject.swift */,
				657E70442A006FEB0079C558 /* ForgetPasswordModel.swift */,
				C89D12862A10245B00669FD9 /* AddAdvsModel.swift */,
				C8CCE33F2A19E81100FFAFB2 /* Profile.swift */,
				65495D792A1CC7BF00A23579 /* Ask.swift */,
				656D773C2A1F09B1004EB289 /* UserNotification.swift */,
				659987FD2A1F422C00DBD8EE /* Comment.swift */,
			);
			path = Models;
			sourceTree = "<group>";
		};
		658DE52129F9214A0015D549 /* Controllers */ = {
			isa = PBXGroup;
			children = (
				658DE52429F921E90015D549 /* APIConnection.swift */,
				658DE52229F921620015D549 /* ProductController.swift */,
				65400C5129FB0F40009E07C9 /* CategoryController.swift */,
				65400C5329FB28DA009E07C9 /* CountryController.swift */,
				659F892C29FD9A3400AFA95C /* AuthCoontroller.swift */,
				C89D12842A10209200669FD9 /* AddAdvsController.swift */,
				C8CCE33D2A19E33B00FFAFB2 /* ProfileController.swift */,
				65B5505A2A1C863F002D2264 /* SearchController.swift */,
				65FFFA152A1E972600B70368 /* NotificationsController.swift */,
			);
			path = Controllers;
			sourceTree = "<group>";
		};
		65D61ED02A15FE2200C3FC68 /* Search */ = {
			isa = PBXGroup;
			children = (
				65D61ED12A15FE4000C3FC68 /* SearchViewController.swift */,
				65B550582A1C812F002D2264 /* SearchAdsViewController.swift */,
				65B5505C2A1CB53E002D2264 /* SearchPersonViewController.swift */,
				65495D7D2A1DFEFE00A23579 /* SearchAskViewController.swift */,
			);
			path = Search;
			sourceTree = "<group>";
		};
		65DD11EA29E6845D00A3B8DD = {
			isa = PBXGroup;
			children = (
				65DD11F529E6845D00A3B8DD /* Monasba */,
				65DD11F429E6845D00A3B8DD /* Products */,
				DE02A0323CA247B868BF8A85 /* Pods */,
				67C554C5A92EC5CB858FD606 /* Frameworks */,
			);
			sourceTree = "<group>";
		};
		65DD11F429E6845D00A3B8DD /* Products */ = {
			isa = PBXGroup;
			children = (
				65DD11F329E6845D00A3B8DD /* Monasba.app */,
			);
			name = Products;
			sourceTree = "<group>";
		};
		65DD11F529E6845D00A3B8DD /* Monasba */ = {
			isa = PBXGroup;
			children = (
				65E15A6F2A20C473006930A4 /* Monasba.entitlements */,
				658DE52129F9214A0015D549 /* Controllers */,
				658DE51829F82BD00015D549 /* Models */,
				658DE51329F82ADB0015D549 /* Cells */,
				652711E829EBF7CE00D503F9 /* ViewControllers */,
				65DD120D29E6915A00A3B8DD /* Utilities */,
				65DD120A29E6846B00A3B8DD /* view */,
				65DD11F629E6845D00A3B8DD /* AppDelegate.swift */,
				65DD11F829E6845D00A3B8DD /* SceneDelegate.swift */,
				65DD11FA29E6845D00A3B8DD /* ViewController.swift */,
				65DD11FF29E6845E00A3B8DD /* Assets.xcassets */,
				65DD120129E6845E00A3B8DD /* LaunchScreen.storyboard */,
				65DD120429E6845E00A3B8DD /* Info.plist */,
				65FFFA132A1E933800B70368 /* GoogleService-Info.plist */,
			);
			path = Monasba;
			sourceTree = "<group>";
		};
		65DD120A29E6846B00A3B8DD /* view */ = {
			isa = PBXGroup;
			children = (
				C8CCE3362A18FC5F00FFAFB2 /* Menu.storyboard */,
				65FC22122A1172BA0077F1A2 /* Product.storyboard */,
				65DD11FC29E6845D00A3B8DD /* Main.storyboard */,
				65DD120B29E6848500A3B8DD /* Auth.storyboard */,
				C86678BE29FFA12B0019AE81 /* Advs.storyboard */,
				C8A72A3E2A00C26000F9C26D /* Profile.storyboard */,
				65F746E52A03CBBE00E1C79E /* Category.storyboard */,
				658D003B2A15F22200F512E9 /* Search.storyboard */,
				65FFFA172A1E9FF200B70368 /* Notifications.storyboard */,
			);
			path = view;
			sourceTree = "<group>";
		};
		65DD120D29E6915A00A3B8DD /* Utilities */ = {
			isa = PBXGroup;
			children = (
				65DD120E29E6915A00A3B8DD /* Constants.swift */,
				65DD120F29E6915A00A3B8DD /* Localizable.strings */,
				65DD121129E6915A00A3B8DD /* KeyboardLayoutConstraint.swift */,
				65DD121229E6915A00A3B8DD /* StaticFunctions.swift */,
				65DD121329E6915A00A3B8DD /* Localization.swift */,
				65DD121929E6915A00A3B8DD /* GeneralUIExtenstions.swift */,
				65DD121A29E6915A00A3B8DD /* Reachability.swift */,
				65DD121B29E6915A00A3B8DD /* UIViewControllerExtenstions.swift */,
				65DD121C29E6915A00A3B8DD /* GradientView.swift */,
				65DD121D29E6915A00A3B8DD /* AddingCustomFont.swift */,
				C8CCE33B2A19E29200FFAFB2 /* LocalizedImage.swift */,
			);
			path = Utilities;
			sourceTree = "<group>";
		};
		65F746E72A03CC2A00E1C79E /* Categories */ = {
			isa = PBXGroup;
			children = (
				65E54A3B2A029CEB00FEC9A3 /* CategoryViewController.swift */,
				65E15A722A21DA98006930A4 /* AsksViewController.swift */,
			);
			path = Categories;
			sourceTree = "<group>";
		};
		65FC220B2A1172A80077F1A2 /* Product */ = {
			isa = PBXGroup;
			children = (
				65FC220C2A1172A80077F1A2 /* ProductViewController.swift */,
				65FC220D2A1172A80077F1A2 /* ReportViewController.swift */,
				65FC220E2A1172A80077F1A2 /* CommentViewController.swift */,
				65FC22162A12716E0077F1A2 /* ReplyViewController.swift */,
				658D00372A135D4E00F512E9 /* ReportCommentViewController.swift */,
				659987F92A1F3E2900DBD8EE /* CommentRepliesViewController.swift */,
				65E15A6D2A20C045006930A4 /* ReportReplyViewController.swift */,
			);
			path = Product;
			sourceTree = "<group>";
		};
		67C554C5A92EC5CB858FD606 /* Frameworks */ = {
			isa = PBXGroup;
			children = (
				FAA66330CCBC04BB0F75DC81 /* Pods_Monasba.framework */,
			);
			name = Frameworks;
			sourceTree = "<group>";
		};
		C820A37F2A1A3782005AF87A /* ProfileProductsCollectionViewCell.swift */ = {
			isa = PBXGroup;
			children = (
				C8CCE3412A1A0D4500FFAFB2 /* ProfileProductsCollectionViewCell.swift */,
				C8CCE3422A1A0D4500FFAFB2 /* ProfileProductsCollectionViewCell.xib */,
			);
			path = ProfileProductsCollectionViewCell.swift;
			sourceTree = "<group>";
		};
		C86678BB29FF9E270019AE81 /* Add Advs */ = {
			isa = PBXGroup;
			children = (
				C86678BC29FF9E7F0019AE81 /* AddAdvsVC.swift */,
				C8A72A382A00B0FB00F9C26D /* PickupMediaPopupVC.swift */,
				C8A72A3A2A00B45600F9C26D /* SuccessAddingVC.swift */,
			);
			path = "Add Advs";
			sourceTree = "<group>";
		};
		C8A72A402A00C27A00F9C26D /* Profile */ = {
			isa = PBXGroup;
			children = (
				C8A72A412A00C29C00F9C26D /* OtherUserProfileVC.swift */,
				C8A72A472A00C9EC00F9C26D /* ReportAboutUserVC.swift */,
				C8CCE3392A19DE9900FFAFB2 /* ProfileVC.swift */,
			);
			path = Profile;
			sourceTree = "<group>";
		};
		C8CCE3322A18CFAF00FFAFB2 /* Menu */ = {
			isa = PBXGroup;
			children = (
				C8CCE3332A18CFC300FFAFB2 /* MenuVC.swift */,
			);
			path = Menu;
			sourceTree = "<group>";
		};
		DE02A0323CA247B868BF8A85 /* Pods */ = {
			isa = PBXGroup;
			children = (
				D2935A47F02BDB207D88AACE /* Pods-Monasba.debug.xcconfig */,
				3AAA4616B8394696D95E23AB /* Pods-Monasba.release.xcconfig */,
			);
			path = Pods;
			sourceTree = "<group>";
		};
/* End PBXGroup section */

/* Begin PBXNativeTarget section */
		65DD11F229E6845D00A3B8DD /* Monasba */ = {
			isa = PBXNativeTarget;
			buildConfigurationList = 65DD120729E6845E00A3B8DD /* Build configuration list for PBXNativeTarget "Monasba" */;
			buildPhases = (
				6C7C36FA841450037A777322 /* [CP] Check Pods Manifest.lock */,
				65DD11EF29E6845D00A3B8DD /* Sources */,
				65DD11F029E6845D00A3B8DD /* Frameworks */,
				65DD11F129E6845D00A3B8DD /* Resources */,
				F7C93E0049968E833C4FB180 /* [CP] Embed Pods Frameworks */,
			);
			buildRules = (
			);
			dependencies = (
			);
			name = Monasba;
			productName = Monasba;
			productReference = 65DD11F329E6845D00A3B8DD /* Monasba.app */;
			productType = "com.apple.product-type.application";
		};
/* End PBXNativeTarget section */

/* Begin PBXProject section */
		65DD11EB29E6845D00A3B8DD /* Project object */ = {
			isa = PBXProject;
			attributes = {
				BuildIndependentTargetsInParallel = 1;
				LastSwiftUpdateCheck = 1430;
				LastUpgradeCheck = 1430;
				TargetAttributes = {
					65DD11F229E6845D00A3B8DD = {
						CreatedOnToolsVersion = 14.3;
					};
				};
			};
			buildConfigurationList = 65DD11EE29E6845D00A3B8DD /* Build configuration list for PBXProject "Monasba" */;
			compatibilityVersion = "Xcode 14.0";
			developmentRegion = en;
			hasScannedForEncodings = 0;
			knownRegions = (
				en,
				Base,
				ar,
			);
			mainGroup = 65DD11EA29E6845D00A3B8DD;
			productRefGroup = 65DD11F429E6845D00A3B8DD /* Products */;
			projectDirPath = "";
			projectRoot = "";
			targets = (
				65DD11F229E6845D00A3B8DD /* Monasba */,
			);
		};
/* End PBXProject section */

/* Begin PBXResourcesBuildPhase section */
		65DD11F129E6845D00A3B8DD /* Resources */ = {
			isa = PBXResourcesBuildPhase;
			buildActionMask = 2147483647;
			files = (
				65FFFA142A1E933800B70368 /* GoogleService-Info.plist in Resources */,
				65F746E62A03CBBE00E1C79E /* Category.storyboard in Resources */,
				65FC22132A1172BA0077F1A2 /* Product.storyboard in Resources */,
				C86678BF29FFA12B0019AE81 /* Advs.storyboard in Resources */,
				65DD121F29E6915A00A3B8DD /* Localizable.strings in Resources */,
				658D003C2A15F22200F512E9 /* Search.storyboard in Resources */,
				65DD120C29E6848500A3B8DD /* Auth.storyboard in Resources */,
				C8CCE3382A18FC5F00FFAFB2 /* Menu.storyboard in Resources */,
				65DD120329E6845E00A3B8DD /* LaunchScreen.storyboard in Resources */,
				65DD120029E6845E00A3B8DD /* Assets.xcassets in Resources */,
				C8A72A3F2A00C26000F9C26D /* Profile.storyboard in Resources */,
				65FFFA182A1E9FF200B70368 /* Notifications.storyboard in Resources */,
				C8CCE3442A1A0D4500FFAFB2 /* ProfileProductsCollectionViewCell.xib in Resources */,
				65DD11FE29E6845D00A3B8DD /* Main.storyboard in Resources */,
			);
			runOnlyForDeploymentPostprocessing = 0;
		};
/* End PBXResourcesBuildPhase section */

/* Begin PBXShellScriptBuildPhase section */
		6C7C36FA841450037A777322 /* [CP] Check Pods Manifest.lock */ = {
			isa = PBXShellScriptBuildPhase;
			buildActionMask = 2147483647;
			files = (
			);
			inputFileListPaths = (
			);
			inputPaths = (
				"${PODS_PODFILE_DIR_PATH}/Podfile.lock",
				"${PODS_ROOT}/Manifest.lock",
			);
			name = "[CP] Check Pods Manifest.lock";
			outputFileListPaths = (
			);
			outputPaths = (
				"$(DERIVED_FILE_DIR)/Pods-Monasba-checkManifestLockResult.txt",
			);
			runOnlyForDeploymentPostprocessing = 0;
			shellPath = /bin/sh;
			shellScript = "diff \"${PODS_PODFILE_DIR_PATH}/Podfile.lock\" \"${PODS_ROOT}/Manifest.lock\" > /dev/null\nif [ $? != 0 ] ; then\n    # print error to STDERR\n    echo \"error: The sandbox is not in sync with the Podfile.lock. Run 'pod install' or update your CocoaPods installation.\" >&2\n    exit 1\nfi\n# This output is used by Xcode 'outputs' to avoid re-running this script phase.\necho \"SUCCESS\" > \"${SCRIPT_OUTPUT_FILE_0}\"\n";
			showEnvVarsInLog = 0;
		};
		F7C93E0049968E833C4FB180 /* [CP] Embed Pods Frameworks */ = {
			isa = PBXShellScriptBuildPhase;
			buildActionMask = 2147483647;
			files = (
			);
			inputFileListPaths = (
				"${PODS_ROOT}/Target Support Files/Pods-Monasba/Pods-Monasba-frameworks-${CONFIGURATION}-input-files.xcfilelist",
			);
			name = "[CP] Embed Pods Frameworks";
			outputFileListPaths = (
				"${PODS_ROOT}/Target Support Files/Pods-Monasba/Pods-Monasba-frameworks-${CONFIGURATION}-output-files.xcfilelist",
			);
			runOnlyForDeploymentPostprocessing = 0;
			shellPath = /bin/sh;
			shellScript = "\"${PODS_ROOT}/Target Support Files/Pods-Monasba/Pods-Monasba-frameworks.sh\"\n";
			showEnvVarsInLog = 0;
		};
/* End PBXShellScriptBuildPhase section */

/* Begin PBXSourcesBuildPhase section */
		65DD11EF29E6845D00A3B8DD /* Sources */ = {
			isa = PBXSourcesBuildPhase;
			buildActionMask = 2147483647;
			files = (
				65DD11FB29E6845D00A3B8DD /* ViewController.swift in Sources */,
				C8A72A3B2A00B45600F9C26D /* SuccessAddingVC.swift in Sources */,
				65E54A3C2A029CEB00FEC9A3 /* CategoryViewController.swift in Sources */,
				65E54A3A2A029AE000FEC9A3 /* mainSideCategoryCollectionViewCell.swift in Sources */,
				65DD11F729E6845D00A3B8DD /* AppDelegate.swift in Sources */,
				65E54A382A02991D00FEC9A3 /* SideCategoryCollectionViewCell.swift in Sources */,
				65FFFA162A1E972600B70368 /* NotificationsController.swift in Sources */,
				652711F429EBF87900D503F9 /* ResetPsswordViewController.swift in Sources */,
				65C7FF0429FD46DE0062BFAA /* CountryTableViewCell.swift in Sources */,
				652085412A00416800C38B45 /* GeneralObject.swift in Sources */,
				6520853F29FFB99A00C38B45 /* RegisterVerifyViewController.swift in Sources */,
				65E15A712A210B1C006930A4 /* AskSubCategoryCollectionViewCell.swift in Sources */,
				65FC22112A1172A80077F1A2 /* CommentViewController.swift in Sources */,
				658DE52529F921E90015D549 /* APIConnection.swift in Sources */,
				65DD122A29E6915A00A3B8DD /* GradientView.swift in Sources */,
				65FC22172A12716E0077F1A2 /* ReplyViewController.swift in Sources */,
				65DD122229E6915A00A3B8DD /* Localization.swift in Sources */,
				65FC220F2A1172A80077F1A2 /* ProductViewController.swift in Sources */,
				C8CCE3402A19E81100FFAFB2 /* Profile.swift in Sources */,
				65FC22102A1172A80077F1A2 /* ReportViewController.swift in Sources */,
				656D77402A1F0D88004EB289 /* NotificationsViewController.swift in Sources */,
				658DE51C29F82CDF0015D549 /* SubCategoryCollectionViewCell.swift in Sources */,
				C86678BD29FF9E7F0019AE81 /* AddAdvsVC.swift in Sources */,
				658DE50E29F7FB920015D549 /* HomeViewController.swift in Sources */,
				C836CED42A07FC880009F20D /* AdvsImagesCollectionViewCell.swift in Sources */,
				658DE52029F82D740015D549 /* Product.swift in Sources */,
				658DE51729F82B690015D549 /* MainCategoryCollectionViewCell.swift in Sources */,
				65DD11F929E6845D00A3B8DD /* SceneDelegate.swift in Sources */,
				658DE51E29F82D5F0015D549 /* ProductCollectionViewCell.swift in Sources */,
				65E15A6E2A20C045006930A4 /* ReportReplyViewController.swift in Sources */,
				659F892D29FD9A3400AFA95C /* AuthCoontroller.swift in Sources */,
				65495D7E2A1DFEFE00A23579 /* SearchAskViewController.swift in Sources */,
				65B5505B2A1C863F002D2264 /* SearchController.swift in Sources */,
				65FC22152A1172D30077F1A2 /* ProductCommentTableViewCell.swift in Sources */,
				65DD122029E6915A00A3B8DD /* KeyboardLayoutConstraint.swift in Sources */,
				C8A72A482A00C9EC00F9C26D /* ReportAboutUserVC.swift in Sources */,
				65495D7A2A1CC7BF00A23579 /* Ask.swift in Sources */,
				656FB05729FD5D5D00751C6C /* CityViewController.swift in Sources */,
				659987FC2A1F3E7B00DBD8EE /* CommentReplyTableViewCell.swift in Sources */,
				65D61ED22A15FE4000C3FC68 /* SearchViewController.swift in Sources */,
				C89D12872A10245B00669FD9 /* AddAdvsModel.swift in Sources */,
				65DD122829E6915A00A3B8DD /* Reachability.swift in Sources */,
				65E15A732A21DA98006930A4 /* AsksViewController.swift in Sources */,
				658DE51229F828ED0015D549 /* SortViewController.swift in Sources */,
				652711F029EBF84300D503F9 /* ForgetPasswordViewController.swift in Sources */,
				C8A72A4A2A00CA4700F9C26D /* TableViewCell.swift in Sources */,
				65400C5229FB0F40009E07C9 /* CategoryController.swift in Sources */,
				652711F229EBF85700D503F9 /* VerifyCodeViewController.swift in Sources */,
				C89D12852A10209200669FD9 /* AddAdvsController.swift in Sources */,
				65B5505F2A1CB640002D2264 /* FollowerTableViewCell.swift in Sources */,
				C8CCE33E2A19E33B00FFAFB2 /* ProfileController.swift in Sources */,
				65DD122729E6915A00A3B8DD /* GeneralUIExtenstions.swift in Sources */,
				C8CCE3432A1A0D4500FFAFB2 /* ProfileProductsCollectionViewCell.swift in Sources */,
				65DD122929E6915A00A3B8DD /* UIViewControllerExtenstions.swift in Sources */,
				658D003A2A153EC900F512E9 /* ReportTableViewCell.swift in Sources */,
				C8A72A422A00C29C00F9C26D /* OtherUserProfileVC.swift in Sources */,
				656D773B2A1F04A6004EB289 /* NotificationTableViewCell.swift in Sources */,
				65400C5429FB28DA009E07C9 /* CountryController.swift in Sources */,
				658DE52329F921620015D549 /* ProductController.swift in Sources */,
				652711ED29EBF81600D503F9 /* RegisterViewController.swift in Sources */,
				656FB05929FD5D6C00751C6C /* CitiesViewController.swift in Sources */,
				65DD121E29E6915A00A3B8DD /* Constants.swift in Sources */,
				65DD122B29E6915A00A3B8DD /* AddingCustomFont.swift in Sources */,
				652711EA29EBF7EB00D503F9 /* LoginViewController.swift in Sources */,
				658D00382A135D4E00F512E9 /* ReportCommentViewController.swift in Sources */,
				65DD122129E6915A00A3B8DD /* StaticFunctions.swift in Sources */,
				65B5505D2A1CB53E002D2264 /* SearchPersonViewController.swift in Sources */,
				65495D7C2A1DF02900A23579 /* AskTableViewCell.swift in Sources */,
				656D773D2A1F09B1004EB289 /* UserNotification.swift in Sources */,
				6594DE4029FF1E2B00018AF5 /* StateViewController.swift in Sources */,
				C8CCE33C2A19E29200FFAFB2 /* LocalizedImage.swift in Sources */,
				65400C5629FB28E8009E07C9 /* Country.swift in Sources */,
				659F892F29FD9AED00AFA95C /* User.swift in Sources */,
				C8CCE33A2A19DE9900FFAFB2 /* ProfileVC.swift in Sources */,
				C8A72A392A00B0FB00F9C26D /* PickupMediaPopupVC.swift in Sources */,
				659987FA2A1F3E2900DBD8EE /* CommentRepliesViewController.swift in Sources */,
				C8CCE3342A18CFC300FFAFB2 /* MenuVC.swift in Sources */,
				65C7FF0029FD0A350062BFAA /* TypeViewController.swift in Sources */,
				659987FE2A1F422C00DBD8EE /* Comment.swift in Sources */,
				65C7FF0229FD461D0062BFAA /* CounriesViewController.swift in Sources */,
				658DE51A29F82BE30015D549 /* Category.swift in Sources */,
				657E70452A006FEB0079C558 /* ForgetPasswordModel.swift in Sources */,
				65B550592A1C812F002D2264 /* SearchAdsViewController.swift in Sources */,
			);
			runOnlyForDeploymentPostprocessing = 0;
		};
/* End PBXSourcesBuildPhase section */

/* Begin PBXVariantGroup section */
		65DD11FC29E6845D00A3B8DD /* Main.storyboard */ = {
			isa = PBXVariantGroup;
			children = (
				65DD11FD29E6845D00A3B8DD /* Base */,
			);
			name = Main.storyboard;
			sourceTree = "<group>";
		};
		65DD120129E6845E00A3B8DD /* LaunchScreen.storyboard */ = {
			isa = PBXVariantGroup;
			children = (
				65DD120229E6845E00A3B8DD /* Base */,
			);
			name = LaunchScreen.storyboard;
			sourceTree = "<group>";
		};
		65DD120F29E6915A00A3B8DD /* Localizable.strings */ = {
			isa = PBXVariantGroup;
			children = (
				65DD121029E6915A00A3B8DD /* ar */,
			);
			name = Localizable.strings;
			sourceTree = "<group>";
		};
		C8CCE3362A18FC5F00FFAFB2 /* Menu.storyboard */ = {
			isa = PBXVariantGroup;
			children = (
				C8CCE3372A18FC5F00FFAFB2 /* Base */,
			);
			name = Menu.storyboard;
			sourceTree = "<group>";
		};
/* End PBXVariantGroup section */

/* Begin XCBuildConfiguration section */
		65DD120529E6845E00A3B8DD /* Debug */ = {
			isa = XCBuildConfiguration;
			buildSettings = {
				ALWAYS_SEARCH_USER_PATHS = NO;
				CLANG_ANALYZER_NONNULL = YES;
				CLANG_ANALYZER_NUMBER_OBJECT_CONVERSION = YES_AGGRESSIVE;
				CLANG_CXX_LANGUAGE_STANDARD = "gnu++20";
				CLANG_ENABLE_MODULES = YES;
				CLANG_ENABLE_OBJC_ARC = YES;
				CLANG_ENABLE_OBJC_WEAK = YES;
				CLANG_WARN_BLOCK_CAPTURE_AUTORELEASING = YES;
				CLANG_WARN_BOOL_CONVERSION = YES;
				CLANG_WARN_COMMA = YES;
				CLANG_WARN_CONSTANT_CONVERSION = YES;
				CLANG_WARN_DEPRECATED_OBJC_IMPLEMENTATIONS = YES;
				CLANG_WARN_DIRECT_OBJC_ISA_USAGE = YES_ERROR;
				CLANG_WARN_DOCUMENTATION_COMMENTS = YES;
				CLANG_WARN_EMPTY_BODY = YES;
				CLANG_WARN_ENUM_CONVERSION = YES;
				CLANG_WARN_INFINITE_RECURSION = YES;
				CLANG_WARN_INT_CONVERSION = YES;
				CLANG_WARN_NON_LITERAL_NULL_CONVERSION = YES;
				CLANG_WARN_OBJC_IMPLICIT_RETAIN_SELF = YES;
				CLANG_WARN_OBJC_LITERAL_CONVERSION = YES;
				CLANG_WARN_OBJC_ROOT_CLASS = YES_ERROR;
				CLANG_WARN_QUOTED_INCLUDE_IN_FRAMEWORK_HEADER = YES;
				CLANG_WARN_RANGE_LOOP_ANALYSIS = YES;
				CLANG_WARN_STRICT_PROTOTYPES = YES;
				CLANG_WARN_SUSPICIOUS_MOVE = YES;
				CLANG_WARN_UNGUARDED_AVAILABILITY = YES_AGGRESSIVE;
				CLANG_WARN_UNREACHABLE_CODE = YES;
				CLANG_WARN__DUPLICATE_METHOD_MATCH = YES;
				COPY_PHASE_STRIP = NO;
				DEBUG_INFORMATION_FORMAT = dwarf;
				ENABLE_STRICT_OBJC_MSGSEND = YES;
				ENABLE_TESTABILITY = YES;
				GCC_C_LANGUAGE_STANDARD = gnu11;
				GCC_DYNAMIC_NO_PIC = NO;
				GCC_NO_COMMON_BLOCKS = YES;
				GCC_OPTIMIZATION_LEVEL = 0;
				GCC_PREPROCESSOR_DEFINITIONS = (
					"DEBUG=1",
					"$(inherited)",
				);
				GCC_WARN_64_TO_32_BIT_CONVERSION = YES;
				GCC_WARN_ABOUT_RETURN_TYPE = YES_ERROR;
				GCC_WARN_UNDECLARED_SELECTOR = YES;
				GCC_WARN_UNINITIALIZED_AUTOS = YES_AGGRESSIVE;
				GCC_WARN_UNUSED_FUNCTION = YES;
				GCC_WARN_UNUSED_VARIABLE = YES;
				IPHONEOS_DEPLOYMENT_TARGET = 13.0;
				MTL_ENABLE_DEBUG_INFO = INCLUDE_SOURCE;
				MTL_FAST_MATH = YES;
				ONLY_ACTIVE_ARCH = YES;
				SDKROOT = iphoneos;
				SWIFT_ACTIVE_COMPILATION_CONDITIONS = DEBUG;
				SWIFT_OPTIMIZATION_LEVEL = "-Onone";
			};
			name = Debug;
		};
		65DD120629E6845E00A3B8DD /* Release */ = {
			isa = XCBuildConfiguration;
			buildSettings = {
				ALWAYS_SEARCH_USER_PATHS = NO;
				CLANG_ANALYZER_NONNULL = YES;
				CLANG_ANALYZER_NUMBER_OBJECT_CONVERSION = YES_AGGRESSIVE;
				CLANG_CXX_LANGUAGE_STANDARD = "gnu++20";
				CLANG_ENABLE_MODULES = YES;
				CLANG_ENABLE_OBJC_ARC = YES;
				CLANG_ENABLE_OBJC_WEAK = YES;
				CLANG_WARN_BLOCK_CAPTURE_AUTORELEASING = YES;
				CLANG_WARN_BOOL_CONVERSION = YES;
				CLANG_WARN_COMMA = YES;
				CLANG_WARN_CONSTANT_CONVERSION = YES;
				CLANG_WARN_DEPRECATED_OBJC_IMPLEMENTATIONS = YES;
				CLANG_WARN_DIRECT_OBJC_ISA_USAGE = YES_ERROR;
				CLANG_WARN_DOCUMENTATION_COMMENTS = YES;
				CLANG_WARN_EMPTY_BODY = YES;
				CLANG_WARN_ENUM_CONVERSION = YES;
				CLANG_WARN_INFINITE_RECURSION = YES;
				CLANG_WARN_INT_CONVERSION = YES;
				CLANG_WARN_NON_LITERAL_NULL_CONVERSION = YES;
				CLANG_WARN_OBJC_IMPLICIT_RETAIN_SELF = YES;
				CLANG_WARN_OBJC_LITERAL_CONVERSION = YES;
				CLANG_WARN_OBJC_ROOT_CLASS = YES_ERROR;
				CLANG_WARN_QUOTED_INCLUDE_IN_FRAMEWORK_HEADER = YES;
				CLANG_WARN_RANGE_LOOP_ANALYSIS = YES;
				CLANG_WARN_STRICT_PROTOTYPES = YES;
				CLANG_WARN_SUSPICIOUS_MOVE = YES;
				CLANG_WARN_UNGUARDED_AVAILABILITY = YES_AGGRESSIVE;
				CLANG_WARN_UNREACHABLE_CODE = YES;
				CLANG_WARN__DUPLICATE_METHOD_MATCH = YES;
				COPY_PHASE_STRIP = NO;
				DEBUG_INFORMATION_FORMAT = "dwarf-with-dsym";
				ENABLE_NS_ASSERTIONS = NO;
				ENABLE_STRICT_OBJC_MSGSEND = YES;
				GCC_C_LANGUAGE_STANDARD = gnu11;
				GCC_NO_COMMON_BLOCKS = YES;
				GCC_WARN_64_TO_32_BIT_CONVERSION = YES;
				GCC_WARN_ABOUT_RETURN_TYPE = YES_ERROR;
				GCC_WARN_UNDECLARED_SELECTOR = YES;
				GCC_WARN_UNINITIALIZED_AUTOS = YES_AGGRESSIVE;
				GCC_WARN_UNUSED_FUNCTION = YES;
				GCC_WARN_UNUSED_VARIABLE = YES;
				IPHONEOS_DEPLOYMENT_TARGET = 13.0;
				MTL_ENABLE_DEBUG_INFO = NO;
				MTL_FAST_MATH = YES;
				SDKROOT = iphoneos;
				SWIFT_COMPILATION_MODE = wholemodule;
				SWIFT_OPTIMIZATION_LEVEL = "-O";
				VALIDATE_PRODUCT = YES;
			};
			name = Release;
		};
		65DD120829E6845E00A3B8DD /* Debug */ = {
			isa = XCBuildConfiguration;
			baseConfigurationReference = D2935A47F02BDB207D88AACE /* Pods-Monasba.debug.xcconfig */;
			buildSettings = {
				ASSETCATALOG_COMPILER_APPICON_NAME = AppIcon;
				ASSETCATALOG_COMPILER_GLOBAL_ACCENT_COLOR_NAME = AccentColor;
				CODE_SIGN_ENTITLEMENTS = Monasba/Monasba.entitlements;
				CODE_SIGN_STYLE = Automatic;
				CURRENT_PROJECT_VERSION = 27;
				DEVELOPMENT_TEAM = 4W85KLPQDW;
				GENERATE_INFOPLIST_FILE = YES;
				INFOPLIST_FILE = Monasba/Info.plist;
				INFOPLIST_KEY_CFBundleDisplayName = Monsba;
				INFOPLIST_KEY_LSApplicationCategoryType = "public.app-category.shopping";
				INFOPLIST_KEY_NSCameraUsageDescription = "يريد مناسبة الوصول للكاميرا لوضع صورة للاعلان او للملف الشخصي ";
				INFOPLIST_KEY_NSMicrophoneUsageDescription = "يريد مناسبة الوصول للميكروفون لتسجيل فيديو للاعلان او لارسال تسجيل صوتي في المحادثة";
				INFOPLIST_KEY_UIApplicationSupportsIndirectInputEvents = YES;
				INFOPLIST_KEY_UILaunchStoryboardName = LaunchScreen;
				INFOPLIST_KEY_UIMainStoryboardFile = Main;
				INFOPLIST_KEY_UISupportedInterfaceOrientations_iPad = "UIInterfaceOrientationPortrait UIInterfaceOrientationPortraitUpsideDown UIInterfaceOrientationLandscapeLeft UIInterfaceOrientationLandscapeRight";
				INFOPLIST_KEY_UISupportedInterfaceOrientations_iPhone = "UIInterfaceOrientationPortrait UIInterfaceOrientationLandscapeLeft UIInterfaceOrientationLandscapeRight";
				INFOPLIST_KEY_UIUserInterfaceStyle = Light;
				IPHONEOS_DEPLOYMENT_TARGET = 14.0;
				LD_RUNPATH_SEARCH_PATHS = (
					"$(inherited)",
					"@executable_path/Frameworks",
				);
				MARKETING_VERSION = 1.0.0;
				PRODUCT_BUNDLE_IDENTIFIER = com.adv.monasbah;
				PRODUCT_NAME = "$(TARGET_NAME)";
				SWIFT_EMIT_LOC_STRINGS = YES;
				SWIFT_VERSION = 5.0;
				TARGETED_DEVICE_FAMILY = "1,2";
			};
			name = Debug;
		};
		65DD120929E6845E00A3B8DD /* Release */ = {
			isa = XCBuildConfiguration;
			baseConfigurationReference = 3AAA4616B8394696D95E23AB /* Pods-Monasba.release.xcconfig */;
			buildSettings = {
				ASSETCATALOG_COMPILER_APPICON_NAME = AppIcon;
				ASSETCATALOG_COMPILER_GLOBAL_ACCENT_COLOR_NAME = AccentColor;
				CODE_SIGN_ENTITLEMENTS = Monasba/Monasba.entitlements;
				CODE_SIGN_STYLE = Automatic;
				CURRENT_PROJECT_VERSION = 27;
				DEVELOPMENT_TEAM = 4W85KLPQDW;
				GENERATE_INFOPLIST_FILE = YES;
				INFOPLIST_FILE = Monasba/Info.plist;
				INFOPLIST_KEY_CFBundleDisplayName = Monsba;
				INFOPLIST_KEY_LSApplicationCategoryType = "public.app-category.shopping";
				INFOPLIST_KEY_NSCameraUsageDescription = "يريد مناسبة الوصول للكاميرا لوضع صورة للاعلان او للملف الشخصي ";
				INFOPLIST_KEY_NSMicrophoneUsageDescription = "يريد مناسبة الوصول للميكروفون لتسجيل فيديو للاعلان او لارسال تسجيل صوتي في المحادثة";
				INFOPLIST_KEY_UIApplicationSupportsIndirectInputEvents = YES;
				INFOPLIST_KEY_UILaunchStoryboardName = LaunchScreen;
				INFOPLIST_KEY_UIMainStoryboardFile = Main;
				INFOPLIST_KEY_UISupportedInterfaceOrientations_iPad = "UIInterfaceOrientationPortrait UIInterfaceOrientationPortraitUpsideDown UIInterfaceOrientationLandscapeLeft UIInterfaceOrientationLandscapeRight";
				INFOPLIST_KEY_UISupportedInterfaceOrientations_iPhone = "UIInterfaceOrientationPortrait UIInterfaceOrientationLandscapeLeft UIInterfaceOrientationLandscapeRight";
				INFOPLIST_KEY_UIUserInterfaceStyle = Light;
				IPHONEOS_DEPLOYMENT_TARGET = 14.0;
				LD_RUNPATH_SEARCH_PATHS = (
					"$(inherited)",
					"@executable_path/Frameworks",
				);
				MARKETING_VERSION = 1.0.0;
				PRODUCT_BUNDLE_IDENTIFIER = com.adv.monasbah;
				PRODUCT_NAME = "$(TARGET_NAME)";
				SWIFT_EMIT_LOC_STRINGS = YES;
				SWIFT_VERSION = 5.0;
				TARGETED_DEVICE_FAMILY = "1,2";
			};
			name = Release;
		};
/* End XCBuildConfiguration section */

/* Begin XCConfigurationList section */
		65DD11EE29E6845D00A3B8DD /* Build configuration list for PBXProject "Monasba" */ = {
			isa = XCConfigurationList;
			buildConfigurations = (
				65DD120529E6845E00A3B8DD /* Debug */,
				65DD120629E6845E00A3B8DD /* Release */,
			);
			defaultConfigurationIsVisible = 0;
			defaultConfigurationName = Release;
		};
		65DD120729E6845E00A3B8DD /* Build configuration list for PBXNativeTarget "Monasba" */ = {
			isa = XCConfigurationList;
			buildConfigurations = (
				65DD120829E6845E00A3B8DD /* Debug */,
				65DD120929E6845E00A3B8DD /* Release */,
			);
			defaultConfigurationIsVisible = 0;
			defaultConfigurationName = Release;
		};
/* End XCConfigurationList section */
	};
	rootObject = 65DD11EB29E6845D00A3B8DD /* Project object */;
}
