// !$*UTF8*$!
{
	archiveVersion = 1;
	classes = {
	};
	objectVersion = 56;
	objects = {

/* Begin PBXBuildFile section */
		035CC80296BE28E7E48B0744 /* Pods_Monasba.framework in Frameworks */ = {isa = PBXBuildFile; fileRef = FAA66330CCBC04BB0F75DC81 /* Pods_Monasba.framework */; };
		652711EA29EBF7EB00D503F9 /* LoginViewController.swift in Sources */ = {isa = PBXBuildFile; fileRef = 652711E929EBF7EB00D503F9 /* LoginViewController.swift */; };
		652711ED29EBF81600D503F9 /* RegisterViewController.swift in Sources */ = {isa = PBXBuildFile; fileRef = 652711EC29EBF81600D503F9 /* RegisterViewController.swift */; };
		652711F029EBF84300D503F9 /* ForgetPasswordViewController.swift in Sources */ = {isa = PBXBuildFile; fileRef = 652711EF29EBF84300D503F9 /* ForgetPasswordViewController.swift */; };
		652711F229EBF85700D503F9 /* VerifyCodeViewController.swift in Sources */ = {isa = PBXBuildFile; fileRef = 652711F129EBF85700D503F9 /* VerifyCodeViewController.swift */; };
		652711F429EBF87900D503F9 /* ResetPsswordViewController.swift in Sources */ = {isa = PBXBuildFile; fileRef = 652711F329EBF87900D503F9 /* ResetPsswordViewController.swift */; };
		658DE50E29F7FB920015D549 /* HomeViewController.swift in Sources */ = {isa = PBXBuildFile; fileRef = 658DE50D29F7FB920015D549 /* HomeViewController.swift */; };
		658DE51029F828E10015D549 /* FilterCiityViewController.swift in Sources */ = {isa = PBXBuildFile; fileRef = 658DE50F29F828E10015D549 /* FilterCiityViewController.swift */; };
		658DE51229F828ED0015D549 /* SortViewController.swift in Sources */ = {isa = PBXBuildFile; fileRef = 658DE51129F828ED0015D549 /* SortViewController.swift */; };
		658DE51729F82B690015D549 /* MainCategoryCollectionViewCell.swift in Sources */ = {isa = PBXBuildFile; fileRef = 658DE51629F82B690015D549 /* MainCategoryCollectionViewCell.swift */; };
		658DE51A29F82BE30015D549 /* Category.swift in Sources */ = {isa = PBXBuildFile; fileRef = 658DE51929F82BE30015D549 /* Category.swift */; };
		658DE51C29F82CDF0015D549 /* SubCategoryCollectionViewCell.swift in Sources */ = {isa = PBXBuildFile; fileRef = 658DE51B29F82CDF0015D549 /* SubCategoryCollectionViewCell.swift */; };
		658DE51E29F82D5F0015D549 /* ProductCollectionViewCell.swift in Sources */ = {isa = PBXBuildFile; fileRef = 658DE51D29F82D5F0015D549 /* ProductCollectionViewCell.swift */; };
		658DE52029F82D740015D549 /* Product.swift in Sources */ = {isa = PBXBuildFile; fileRef = 658DE51F29F82D740015D549 /* Product.swift */; };
		658DE52329F921620015D549 /* ProductController.swift in Sources */ = {isa = PBXBuildFile; fileRef = 658DE52229F921620015D549 /* ProductController.swift */; };
		658DE52529F921E90015D549 /* APIConnection.swift in Sources */ = {isa = PBXBuildFile; fileRef = 658DE52429F921E90015D549 /* APIConnection.swift */; };
		65DD11F729E6845D00A3B8DD /* AppDelegate.swift in Sources */ = {isa = PBXBuildFile; fileRef = 65DD11F629E6845D00A3B8DD /* AppDelegate.swift */; };
		65DD11F929E6845D00A3B8DD /* SceneDelegate.swift in Sources */ = {isa = PBXBuildFile; fileRef = 65DD11F829E6845D00A3B8DD /* SceneDelegate.swift */; };
		65DD11FB29E6845D00A3B8DD /* ViewController.swift in Sources */ = {isa = PBXBuildFile; fileRef = 65DD11FA29E6845D00A3B8DD /* ViewController.swift */; };
		65DD11FE29E6845D00A3B8DD /* Main.storyboard in Resources */ = {isa = PBXBuildFile; fileRef = 65DD11FC29E6845D00A3B8DD /* Main.storyboard */; };
		65DD120029E6845E00A3B8DD /* Assets.xcassets in Resources */ = {isa = PBXBuildFile; fileRef = 65DD11FF29E6845E00A3B8DD /* Assets.xcassets */; };
		65DD120329E6845E00A3B8DD /* LaunchScreen.storyboard in Resources */ = {isa = PBXBuildFile; fileRef = 65DD120129E6845E00A3B8DD /* LaunchScreen.storyboard */; };
		65DD120C29E6848500A3B8DD /* Auth.storyboard in Resources */ = {isa = PBXBuildFile; fileRef = 65DD120B29E6848500A3B8DD /* Auth.storyboard */; };
		65DD121E29E6915A00A3B8DD /* Constants.swift in Sources */ = {isa = PBXBuildFile; fileRef = 65DD120E29E6915A00A3B8DD /* Constants.swift */; };
		65DD121F29E6915A00A3B8DD /* Localizable.strings in Resources */ = {isa = PBXBuildFile; fileRef = 65DD120F29E6915A00A3B8DD /* Localizable.strings */; };
		65DD122029E6915A00A3B8DD /* KeyboardLayoutConstraint.swift in Sources */ = {isa = PBXBuildFile; fileRef = 65DD121129E6915A00A3B8DD /* KeyboardLayoutConstraint.swift */; };
		65DD122129E6915A00A3B8DD /* StaticFunctions.swift in Sources */ = {isa = PBXBuildFile; fileRef = 65DD121229E6915A00A3B8DD /* StaticFunctions.swift */; };
		65DD122229E6915A00A3B8DD /* Localization.swift in Sources */ = {isa = PBXBuildFile; fileRef = 65DD121329E6915A00A3B8DD /* Localization.swift */; };
		65DD122729E6915A00A3B8DD /* GeneralUIExtenstions.swift in Sources */ = {isa = PBXBuildFile; fileRef = 65DD121929E6915A00A3B8DD /* GeneralUIExtenstions.swift */; };
		65DD122829E6915A00A3B8DD /* Reachability.swift in Sources */ = {isa = PBXBuildFile; fileRef = 65DD121A29E6915A00A3B8DD /* Reachability.swift */; };
		65DD122929E6915A00A3B8DD /* UIViewControllerExtenstions.swift in Sources */ = {isa = PBXBuildFile; fileRef = 65DD121B29E6915A00A3B8DD /* UIViewControllerExtenstions.swift */; };
		65DD122A29E6915A00A3B8DD /* GradientView.swift in Sources */ = {isa = PBXBuildFile; fileRef = 65DD121C29E6915A00A3B8DD /* GradientView.swift */; };
		65DD122B29E6915A00A3B8DD /* AddingCustomFont.swift in Sources */ = {isa = PBXBuildFile; fileRef = 65DD121D29E6915A00A3B8DD /* AddingCustomFont.swift */; };
/* End PBXBuildFile section */

/* Begin PBXFileReference section */
		3AAA4616B8394696D95E23AB /* Pods-Monasba.release.xcconfig */ = {isa = PBXFileReference; includeInIndex = 1; lastKnownFileType = text.xcconfig; name = "Pods-Monasba.release.xcconfig"; path = "Target Support Files/Pods-Monasba/Pods-Monasba.release.xcconfig"; sourceTree = "<group>"; };
		652711E929EBF7EB00D503F9 /* LoginViewController.swift */ = {isa = PBXFileReference; lastKnownFileType = sourcecode.swift; path = LoginViewController.swift; sourceTree = "<group>"; };
		652711EC29EBF81600D503F9 /* RegisterViewController.swift */ = {isa = PBXFileReference; lastKnownFileType = sourcecode.swift; path = RegisterViewController.swift; sourceTree = "<group>"; };
		652711EF29EBF84300D503F9 /* ForgetPasswordViewController.swift */ = {isa = PBXFileReference; lastKnownFileType = sourcecode.swift; path = ForgetPasswordViewController.swift; sourceTree = "<group>"; };
		652711F129EBF85700D503F9 /* VerifyCodeViewController.swift */ = {isa = PBXFileReference; lastKnownFileType = sourcecode.swift; path = VerifyCodeViewController.swift; sourceTree = "<group>"; };
		652711F329EBF87900D503F9 /* ResetPsswordViewController.swift */ = {isa = PBXFileReference; lastKnownFileType = sourcecode.swift; path = ResetPsswordViewController.swift; sourceTree = "<group>"; };
		658DE50D29F7FB920015D549 /* HomeViewController.swift */ = {isa = PBXFileReference; lastKnownFileType = sourcecode.swift; path = HomeViewController.swift; sourceTree = "<group>"; };
		658DE50F29F828E10015D549 /* FilterCiityViewController.swift */ = {isa = PBXFileReference; lastKnownFileType = sourcecode.swift; path = FilterCiityViewController.swift; sourceTree = "<group>"; };
		658DE51129F828ED0015D549 /* SortViewController.swift */ = {isa = PBXFileReference; lastKnownFileType = sourcecode.swift; path = SortViewController.swift; sourceTree = "<group>"; };
		658DE51629F82B690015D549 /* MainCategoryCollectionViewCell.swift */ = {isa = PBXFileReference; lastKnownFileType = sourcecode.swift; path = MainCategoryCollectionViewCell.swift; sourceTree = "<group>"; };
		658DE51929F82BE30015D549 /* Category.swift */ = {isa = PBXFileReference; lastKnownFileType = sourcecode.swift; path = Category.swift; sourceTree = "<group>"; };
		658DE51B29F82CDF0015D549 /* SubCategoryCollectionViewCell.swift */ = {isa = PBXFileReference; lastKnownFileType = sourcecode.swift; path = SubCategoryCollectionViewCell.swift; sourceTree = "<group>"; };
		658DE51D29F82D5F0015D549 /* ProductCollectionViewCell.swift */ = {isa = PBXFileReference; lastKnownFileType = sourcecode.swift; path = ProductCollectionViewCell.swift; sourceTree = "<group>"; };
		658DE51F29F82D740015D549 /* Product.swift */ = {isa = PBXFileReference; lastKnownFileType = sourcecode.swift; path = Product.swift; sourceTree = "<group>"; };
		658DE52229F921620015D549 /* ProductController.swift */ = {isa = PBXFileReference; lastKnownFileType = sourcecode.swift; path = ProductController.swift; sourceTree = "<group>"; };
		658DE52429F921E90015D549 /* APIConnection.swift */ = {isa = PBXFileReference; lastKnownFileType = sourcecode.swift; path = APIConnection.swift; sourceTree = "<group>"; };
		65DD11F329E6845D00A3B8DD /* Monasba.app */ = {isa = PBXFileReference; explicitFileType = wrapper.application; includeInIndex = 0; path = Monasba.app; sourceTree = BUILT_PRODUCTS_DIR; };
		65DD11F629E6845D00A3B8DD /* AppDelegate.swift */ = {isa = PBXFileReference; lastKnownFileType = sourcecode.swift; path = AppDelegate.swift; sourceTree = "<group>"; };
		65DD11F829E6845D00A3B8DD /* SceneDelegate.swift */ = {isa = PBXFileReference; lastKnownFileType = sourcecode.swift; path = SceneDelegate.swift; sourceTree = "<group>"; };
		65DD11FA29E6845D00A3B8DD /* ViewController.swift */ = {isa = PBXFileReference; lastKnownFileType = sourcecode.swift; path = ViewController.swift; sourceTree = "<group>"; };
		65DD11FD29E6845D00A3B8DD /* Base */ = {isa = PBXFileReference; lastKnownFileType = file.storyboard; name = Base; path = Base.lproj/Main.storyboard; sourceTree = "<group>"; };
		65DD11FF29E6845E00A3B8DD /* Assets.xcassets */ = {isa = PBXFileReference; lastKnownFileType = folder.assetcatalog; path = Assets.xcassets; sourceTree = "<group>"; };
		65DD120229E6845E00A3B8DD /* Base */ = {isa = PBXFileReference; lastKnownFileType = file.storyboard; name = Base; path = Base.lproj/LaunchScreen.storyboard; sourceTree = "<group>"; };
		65DD120429E6845E00A3B8DD /* Info.plist */ = {isa = PBXFileReference; lastKnownFileType = text.plist.xml; path = Info.plist; sourceTree = "<group>"; };
		65DD120B29E6848500A3B8DD /* Auth.storyboard */ = {isa = PBXFileReference; lastKnownFileType = file.storyboard; path = Auth.storyboard; sourceTree = "<group>"; };
		65DD120E29E6915A00A3B8DD /* Constants.swift */ = {isa = PBXFileReference; fileEncoding = 4; lastKnownFileType = sourcecode.swift; path = Constants.swift; sourceTree = "<group>"; };
		65DD121029E6915A00A3B8DD /* ar */ = {isa = PBXFileReference; lastKnownFileType = text.plist.strings; name = ar; path = ar.lproj/Localizable.strings; sourceTree = "<group>"; };
		65DD121129E6915A00A3B8DD /* KeyboardLayoutConstraint.swift */ = {isa = PBXFileReference; fileEncoding = 4; lastKnownFileType = sourcecode.swift; path = KeyboardLayoutConstraint.swift; sourceTree = "<group>"; };
		65DD121229E6915A00A3B8DD /* StaticFunctions.swift */ = {isa = PBXFileReference; fileEncoding = 4; lastKnownFileType = sourcecode.swift; path = StaticFunctions.swift; sourceTree = "<group>"; };
		65DD121329E6915A00A3B8DD /* Localization.swift */ = {isa = PBXFileReference; fileEncoding = 4; lastKnownFileType = sourcecode.swift; path = Localization.swift; sourceTree = "<group>"; };
		65DD121929E6915A00A3B8DD /* GeneralUIExtenstions.swift */ = {isa = PBXFileReference; fileEncoding = 4; lastKnownFileType = sourcecode.swift; path = GeneralUIExtenstions.swift; sourceTree = "<group>"; };
		65DD121A29E6915A00A3B8DD /* Reachability.swift */ = {isa = PBXFileReference; fileEncoding = 4; lastKnownFileType = sourcecode.swift; path = Reachability.swift; sourceTree = "<group>"; };
		65DD121B29E6915A00A3B8DD /* UIViewControllerExtenstions.swift */ = {isa = PBXFileReference; fileEncoding = 4; lastKnownFileType = sourcecode.swift; path = UIViewControllerExtenstions.swift; sourceTree = "<group>"; };
		65DD121C29E6915A00A3B8DD /* GradientView.swift */ = {isa = PBXFileReference; fileEncoding = 4; lastKnownFileType = sourcecode.swift; path = GradientView.swift; sourceTree = "<group>"; };
		65DD121D29E6915A00A3B8DD /* AddingCustomFont.swift */ = {isa = PBXFileReference; fileEncoding = 4; lastKnownFileType = sourcecode.swift; path = AddingCustomFont.swift; sourceTree = "<group>"; };
		D2935A47F02BDB207D88AACE /* Pods-Monasba.debug.xcconfig */ = {isa = PBXFileReference; includeInIndex = 1; lastKnownFileType = text.xcconfig; name = "Pods-Monasba.debug.xcconfig"; path = "Target Support Files/Pods-Monasba/Pods-Monasba.debug.xcconfig"; sourceTree = "<group>"; };
		FAA66330CCBC04BB0F75DC81 /* Pods_Monasba.framework */ = {isa = PBXFileReference; explicitFileType = wrapper.framework; includeInIndex = 0; path = Pods_Monasba.framework; sourceTree = BUILT_PRODUCTS_DIR; };
/* End PBXFileReference section */

/* Begin PBXFrameworksBuildPhase section */
		65DD11F029E6845D00A3B8DD /* Frameworks */ = {
			isa = PBXFrameworksBuildPhase;
			buildActionMask = 2147483647;
			files = (
				035CC80296BE28E7E48B0744 /* Pods_Monasba.framework in Frameworks */,
			);
			runOnlyForDeploymentPostprocessing = 0;
		};
/* End PBXFrameworksBuildPhase section */

/* Begin PBXGroup section */
		652711E829EBF7CE00D503F9 /* ViewControllers */ = {
			isa = PBXGroup;
			children = (
				658DE50C29F7FB720015D549 /* Home */,
				652711EB29EBF80100D503F9 /* Auth */,
			);
			path = ViewControllers;
			sourceTree = "<group>";
		};
		652711EB29EBF80100D503F9 /* Auth */ = {
			isa = PBXGroup;
			children = (
				652711EE29EBF81B00D503F9 /* ForgetPassword */,
				652711E929EBF7EB00D503F9 /* LoginViewController.swift */,
				652711EC29EBF81600D503F9 /* RegisterViewController.swift */,
			);
			path = Auth;
			sourceTree = "<group>";
		};
		652711EE29EBF81B00D503F9 /* ForgetPassword */ = {
			isa = PBXGroup;
			children = (
				652711EF29EBF84300D503F9 /* ForgetPasswordViewController.swift */,
				652711F129EBF85700D503F9 /* VerifyCodeViewController.swift */,
				652711F329EBF87900D503F9 /* ResetPsswordViewController.swift */,
			);
			path = ForgetPassword;
			sourceTree = "<group>";
		};
		658DE50C29F7FB720015D549 /* Home */ = {
			isa = PBXGroup;
			children = (
				658DE50D29F7FB920015D549 /* HomeViewController.swift */,
				658DE50F29F828E10015D549 /* FilterCiityViewController.swift */,
				658DE51129F828ED0015D549 /* SortViewController.swift */,
			);
			path = Home;
			sourceTree = "<group>";
		};
		658DE51329F82ADB0015D549 /* Cells */ = {
			isa = PBXGroup;
			children = (
				658DE51529F82AFA0015D549 /* CollectiionViewCell */,
				658DE51429F82AE80015D549 /* TableviewCell */,
			);
			path = Cells;
			sourceTree = "<group>";
		};
		658DE51429F82AE80015D549 /* TableviewCell */ = {
			isa = PBXGroup;
			children = (
			);
			path = TableviewCell;
			sourceTree = "<group>";
		};
		658DE51529F82AFA0015D549 /* CollectiionViewCell */ = {
			isa = PBXGroup;
			children = (
				658DE51629F82B690015D549 /* MainCategoryCollectionViewCell.swift */,
				658DE51B29F82CDF0015D549 /* SubCategoryCollectionViewCell.swift */,
				658DE51D29F82D5F0015D549 /* ProductCollectionViewCell.swift */,
			);
			path = CollectiionViewCell;
			sourceTree = "<group>";
		};
		658DE51829F82BD00015D549 /* Models */ = {
			isa = PBXGroup;
			children = (
				658DE51929F82BE30015D549 /* Category.swift */,
				658DE51F29F82D740015D549 /* Product.swift */,
			);
			path = Models;
			sourceTree = "<group>";
		};
		658DE52129F9214A0015D549 /* Controllers */ = {
			isa = PBXGroup;
			children = (
				658DE52229F921620015D549 /* ProductController.swift */,
				658DE52429F921E90015D549 /* APIConnection.swift */,
			);
			path = Controllers;
			sourceTree = "<group>";
		};
		65DD11EA29E6845D00A3B8DD = {
			isa = PBXGroup;
			children = (
				65DD11F529E6845D00A3B8DD /* Monasba */,
				65DD11F429E6845D00A3B8DD /* Products */,
				DE02A0323CA247B868BF8A85 /* Pods */,
				67C554C5A92EC5CB858FD606 /* Frameworks */,
			);
			sourceTree = "<group>";
		};
		65DD11F429E6845D00A3B8DD /* Products */ = {
			isa = PBXGroup;
			children = (
				65DD11F329E6845D00A3B8DD /* Monasba.app */,
			);
			name = Products;
			sourceTree = "<group>";
		};
		65DD11F529E6845D00A3B8DD /* Monasba */ = {
			isa = PBXGroup;
			children = (
				658DE52129F9214A0015D549 /* Controllers */,
				658DE51829F82BD00015D549 /* Models */,
				658DE51329F82ADB0015D549 /* Cells */,
				652711E829EBF7CE00D503F9 /* ViewControllers */,
				65DD120D29E6915A00A3B8DD /* Utilities */,
				65DD120A29E6846B00A3B8DD /* view */,
				65DD11F629E6845D00A3B8DD /* AppDelegate.swift */,
				65DD11F829E6845D00A3B8DD /* SceneDelegate.swift */,
				65DD11FA29E6845D00A3B8DD /* ViewController.swift */,
				65DD11FF29E6845E00A3B8DD /* Assets.xcassets */,
				65DD120129E6845E00A3B8DD /* LaunchScreen.storyboard */,
				65DD120429E6845E00A3B8DD /* Info.plist */,
			);
			path = Monasba;
			sourceTree = "<group>";
		};
		65DD120A29E6846B00A3B8DD /* view */ = {
			isa = PBXGroup;
			children = (
				65DD11FC29E6845D00A3B8DD /* Main.storyboard */,
				65DD120B29E6848500A3B8DD /* Auth.storyboard */,
			);
			path = view;
			sourceTree = "<group>";
		};
		65DD120D29E6915A00A3B8DD /* Utilities */ = {
			isa = PBXGroup;
			children = (
				65DD120E29E6915A00A3B8DD /* Constants.swift */,
				65DD120F29E6915A00A3B8DD /* Localizable.strings */,
				65DD121129E6915A00A3B8DD /* KeyboardLayoutConstraint.swift */,
				65DD121229E6915A00A3B8DD /* StaticFunctions.swift */,
				65DD121329E6915A00A3B8DD /* Localization.swift */,
				65DD121929E6915A00A3B8DD /* GeneralUIExtenstions.swift */,
				65DD121A29E6915A00A3B8DD /* Reachability.swift */,
				65DD121B29E6915A00A3B8DD /* UIViewControllerExtenstions.swift */,
				65DD121C29E6915A00A3B8DD /* GradientView.swift */,
				65DD121D29E6915A00A3B8DD /* AddingCustomFont.swift */,
			);
			path = Utilities;
			sourceTree = "<group>";
		};
		67C554C5A92EC5CB858FD606 /* Frameworks */ = {
			isa = PBXGroup;
			children = (
				FAA66330CCBC04BB0F75DC81 /* Pods_Monasba.framework */,
			);
			name = Frameworks;
			sourceTree = "<group>";
		};
		DE02A0323CA247B868BF8A85 /* Pods */ = {
			isa = PBXGroup;
			children = (
				D2935A47F02BDB207D88AACE /* Pods-Monasba.debug.xcconfig */,
				3AAA4616B8394696D95E23AB /* Pods-Monasba.release.xcconfig */,
			);
			path = Pods;
			sourceTree = "<group>";
		};
/* End PBXGroup section */

/* Begin PBXNativeTarget section */
		65DD11F229E6845D00A3B8DD /* Monasba */ = {
			isa = PBXNativeTarget;
			buildConfigurationList = 65DD120729E6845E00A3B8DD /* Build configuration list for PBXNativeTarget "Monasba" */;
			buildPhases = (
				6C7C36FA841450037A777322 /* [CP] Check Pods Manifest.lock */,
				65DD11EF29E6845D00A3B8DD /* Sources */,
				65DD11F029E6845D00A3B8DD /* Frameworks */,
				65DD11F129E6845D00A3B8DD /* Resources */,
				F7C93E0049968E833C4FB180 /* [CP] Embed Pods Frameworks */,
			);
			buildRules = (
			);
			dependencies = (
			);
			name = Monasba;
			productName = Monasba;
			productReference = 65DD11F329E6845D00A3B8DD /* Monasba.app */;
			productType = "com.apple.product-type.application";
		};
/* End PBXNativeTarget section */

/* Begin PBXProject section */
		65DD11EB29E6845D00A3B8DD /* Project object */ = {
			isa = PBXProject;
			attributes = {
				BuildIndependentTargetsInParallel = 1;
				LastSwiftUpdateCheck = 1430;
				LastUpgradeCheck = 1430;
				TargetAttributes = {
					65DD11F229E6845D00A3B8DD = {
						CreatedOnToolsVersion = 14.3;
					};
				};
			};
			buildConfigurationList = 65DD11EE29E6845D00A3B8DD /* Build configuration list for PBXProject "Monasba" */;
			compatibilityVersion = "Xcode 14.0";
			developmentRegion = en;
			hasScannedForEncodings = 0;
			knownRegions = (
				en,
				Base,
				ar,
			);
			mainGroup = 65DD11EA29E6845D00A3B8DD;
			productRefGroup = 65DD11F429E6845D00A3B8DD /* Products */;
			projectDirPath = "";
			projectRoot = "";
			targets = (
				65DD11F229E6845D00A3B8DD /* Monasba */,
			);
		};
/* End PBXProject section */

/* Begin PBXResourcesBuildPhase section */
		65DD11F129E6845D00A3B8DD /* Resources */ = {
			isa = PBXResourcesBuildPhase;
			buildActionMask = 2147483647;
			files = (
				65DD121F29E6915A00A3B8DD /* Localizable.strings in Resources */,
				65DD120C29E6848500A3B8DD /* Auth.storyboard in Resources */,
				65DD120329E6845E00A3B8DD /* LaunchScreen.storyboard in Resources */,
				65DD120029E6845E00A3B8DD /* Assets.xcassets in Resources */,
				65DD11FE29E6845D00A3B8DD /* Main.storyboard in Resources */,
			);
			runOnlyForDeploymentPostprocessing = 0;
		};
/* End PBXResourcesBuildPhase section */

/* Begin PBXShellScriptBuildPhase section */
		6C7C36FA841450037A777322 /* [CP] Check Pods Manifest.lock */ = {
			isa = PBXShellScriptBuildPhase;
			buildActionMask = 2147483647;
			files = (
			);
			inputFileListPaths = (
			);
			inputPaths = (
				"${PODS_PODFILE_DIR_PATH}/Podfile.lock",
				"${PODS_ROOT}/Manifest.lock",
			);
			name = "[CP] Check Pods Manifest.lock";
			outputFileListPaths = (
			);
			outputPaths = (
				"$(DERIVED_FILE_DIR)/Pods-Monasba-checkManifestLockResult.txt",
			);
			runOnlyForDeploymentPostprocessing = 0;
			shellPath = /bin/sh;
			shellScript = "diff \"${PODS_PODFILE_DIR_PATH}/Podfile.lock\" \"${PODS_ROOT}/Manifest.lock\" > /dev/null\nif [ $? != 0 ] ; then\n    # print error to STDERR\n    echo \"error: The sandbox is not in sync with the Podfile.lock. Run 'pod install' or update your CocoaPods installation.\" >&2\n    exit 1\nfi\n# This output is used by Xcode 'outputs' to avoid re-running this script phase.\necho \"SUCCESS\" > \"${SCRIPT_OUTPUT_FILE_0}\"\n";
			showEnvVarsInLog = 0;
		};
		F7C93E0049968E833C4FB180 /* [CP] Embed Pods Frameworks */ = {
			isa = PBXShellScriptBuildPhase;
			buildActionMask = 2147483647;
			files = (
			);
			inputFileListPaths = (
				"${PODS_ROOT}/Target Support Files/Pods-Monasba/Pods-Monasba-frameworks-${CONFIGURATION}-input-files.xcfilelist",
			);
			name = "[CP] Embed Pods Frameworks";
			outputFileListPaths = (
				"${PODS_ROOT}/Target Support Files/Pods-Monasba/Pods-Monasba-frameworks-${CONFIGURATION}-output-files.xcfilelist",
			);
			runOnlyForDeploymentPostprocessing = 0;
			shellPath = /bin/sh;
			shellScript = "\"${PODS_ROOT}/Target Support Files/Pods-Monasba/Pods-Monasba-frameworks.sh\"\n";
			showEnvVarsInLog = 0;
		};
/* End PBXShellScriptBuildPhase section */

/* Begin PBXSourcesBuildPhase section */
		65DD11EF29E6845D00A3B8DD /* Sources */ = {
			isa = PBXSourcesBuildPhase;
			buildActionMask = 2147483647;
			files = (
				65DD11FB29E6845D00A3B8DD /* ViewController.swift in Sources */,
				65DD11F729E6845D00A3B8DD /* AppDelegate.swift in Sources */,
				652711F429EBF87900D503F9 /* ResetPsswordViewController.swift in Sources */,
				658DE52529F921E90015D549 /* APIConnection.swift in Sources */,
				65DD122A29E6915A00A3B8DD /* GradientView.swift in Sources */,
				65DD122229E6915A00A3B8DD /* Localization.swift in Sources */,
				658DE51C29F82CDF0015D549 /* SubCategoryCollectionViewCell.swift in Sources */,
				658DE50E29F7FB920015D549 /* HomeViewController.swift in Sources */,
				658DE52029F82D740015D549 /* Product.swift in Sources */,
				658DE51029F828E10015D549 /* FilterCiityViewController.swift in Sources */,
				658DE51729F82B690015D549 /* MainCategoryCollectionViewCell.swift in Sources */,
				65DD11F929E6845D00A3B8DD /* SceneDelegate.swift in Sources */,
				658DE51E29F82D5F0015D549 /* ProductCollectionViewCell.swift in Sources */,
				65DD122029E6915A00A3B8DD /* KeyboardLayoutConstraint.swift in Sources */,
				65DD122829E6915A00A3B8DD /* Reachability.swift in Sources */,
				658DE51229F828ED0015D549 /* SortViewController.swift in Sources */,
				652711F029EBF84300D503F9 /* ForgetPasswordViewController.swift in Sources */,
				652711F229EBF85700D503F9 /* VerifyCodeViewController.swift in Sources */,
				65DD122729E6915A00A3B8DD /* GeneralUIExtenstions.swift in Sources */,
				65DD122929E6915A00A3B8DD /* UIViewControllerExtenstions.swift in Sources */,
				658DE52329F921620015D549 /* ProductController.swift in Sources */,
				652711ED29EBF81600D503F9 /* RegisterViewController.swift in Sources */,
				65DD121E29E6915A00A3B8DD /* Constants.swift in Sources */,
				65DD122B29E6915A00A3B8DD /* AddingCustomFont.swift in Sources */,
				652711EA29EBF7EB00D503F9 /* LoginViewController.swift in Sources */,
				65DD122129E6915A00A3B8DD /* StaticFunctions.swift in Sources */,
				658DE51A29F82BE30015D549 /* Category.swift in Sources */,
			);
			runOnlyForDeploymentPostprocessing = 0;
		};
/* End PBXSourcesBuildPhase section */

/* Begin PBXVariantGroup section */
		65DD11FC29E6845D00A3B8DD /* Main.storyboard */ = {
			isa = PBXVariantGroup;
			children = (
				65DD11FD29E6845D00A3B8DD /* Base */,
			);
			name = Main.storyboard;
			sourceTree = "<group>";
		};
		65DD120129E6845E00A3B8DD /* LaunchScreen.storyboard */ = {
			isa = PBXVariantGroup;
			children = (
				65DD120229E6845E00A3B8DD /* Base */,
			);
			name = LaunchScreen.storyboard;
			sourceTree = "<group>";
		};
		65DD120F29E6915A00A3B8DD /* Localizable.strings */ = {
			isa = PBXVariantGroup;
			children = (
				65DD121029E6915A00A3B8DD /* ar */,
			);
			name = Localizable.strings;
			sourceTree = "<group>";
		};
/* End PBXVariantGroup section */

/* Begin XCBuildConfiguration section */
		65DD120529E6845E00A3B8DD /* Debug */ = {
			isa = XCBuildConfiguration;
			buildSettings = {
				ALWAYS_SEARCH_USER_PATHS = NO;
				CLANG_ANALYZER_NONNULL = YES;
				CLANG_ANALYZER_NUMBER_OBJECT_CONVERSION = YES_AGGRESSIVE;
				CLANG_CXX_LANGUAGE_STANDARD = "gnu++20";
				CLANG_ENABLE_MODULES = YES;
				CLANG_ENABLE_OBJC_ARC = YES;
				CLANG_ENABLE_OBJC_WEAK = YES;
				CLANG_WARN_BLOCK_CAPTURE_AUTORELEASING = YES;
				CLANG_WARN_BOOL_CONVERSION = YES;
				CLANG_WARN_COMMA = YES;
				CLANG_WARN_CONSTANT_CONVERSION = YES;
				CLANG_WARN_DEPRECATED_OBJC_IMPLEMENTATIONS = YES;
				CLANG_WARN_DIRECT_OBJC_ISA_USAGE = YES_ERROR;
				CLANG_WARN_DOCUMENTATION_COMMENTS = YES;
				CLANG_WARN_EMPTY_BODY = YES;
				CLANG_WARN_ENUM_CONVERSION = YES;
				CLANG_WARN_INFINITE_RECURSION = YES;
				CLANG_WARN_INT_CONVERSION = YES;
				CLANG_WARN_NON_LITERAL_NULL_CONVERSION = YES;
				CLANG_WARN_OBJC_IMPLICIT_RETAIN_SELF = YES;
				CLANG_WARN_OBJC_LITERAL_CONVERSION = YES;
				CLANG_WARN_OBJC_ROOT_CLASS = YES_ERROR;
				CLANG_WARN_QUOTED_INCLUDE_IN_FRAMEWORK_HEADER = YES;
				CLANG_WARN_RANGE_LOOP_ANALYSIS = YES;
				CLANG_WARN_STRICT_PROTOTYPES = YES;
				CLANG_WARN_SUSPICIOUS_MOVE = YES;
				CLANG_WARN_UNGUARDED_AVAILABILITY = YES_AGGRESSIVE;
				CLANG_WARN_UNREACHABLE_CODE = YES;
				CLANG_WARN__DUPLICATE_METHOD_MATCH = YES;
				COPY_PHASE_STRIP = NO;
				DEBUG_INFORMATION_FORMAT = dwarf;
				ENABLE_STRICT_OBJC_MSGSEND = YES;
				ENABLE_TESTABILITY = YES;
				GCC_C_LANGUAGE_STANDARD = gnu11;
				GCC_DYNAMIC_NO_PIC = NO;
				GCC_NO_COMMON_BLOCKS = YES;
				GCC_OPTIMIZATION_LEVEL = 0;
				GCC_PREPROCESSOR_DEFINITIONS = (
					"DEBUG=1",
					"$(inherited)",
				);
				GCC_WARN_64_TO_32_BIT_CONVERSION = YES;
				GCC_WARN_ABOUT_RETURN_TYPE = YES_ERROR;
				GCC_WARN_UNDECLARED_SELECTOR = YES;
				GCC_WARN_UNINITIALIZED_AUTOS = YES_AGGRESSIVE;
				GCC_WARN_UNUSED_FUNCTION = YES;
				GCC_WARN_UNUSED_VARIABLE = YES;
				IPHONEOS_DEPLOYMENT_TARGET = 16.4;
				MTL_ENABLE_DEBUG_INFO = INCLUDE_SOURCE;
				MTL_FAST_MATH = YES;
				ONLY_ACTIVE_ARCH = YES;
				SDKROOT = iphoneos;
				SWIFT_ACTIVE_COMPILATION_CONDITIONS = DEBUG;
				SWIFT_OPTIMIZATION_LEVEL = "-Onone";
			};
			name = Debug;
		};
		65DD120629E6845E00A3B8DD /* Release */ = {
			isa = XCBuildConfiguration;
			buildSettings = {
				ALWAYS_SEARCH_USER_PATHS = NO;
				CLANG_ANALYZER_NONNULL = YES;
				CLANG_ANALYZER_NUMBER_OBJECT_CONVERSION = YES_AGGRESSIVE;
				CLANG_CXX_LANGUAGE_STANDARD = "gnu++20";
				CLANG_ENABLE_MODULES = YES;
				CLANG_ENABLE_OBJC_ARC = YES;
				CLANG_ENABLE_OBJC_WEAK = YES;
				CLANG_WARN_BLOCK_CAPTURE_AUTORELEASING = YES;
				CLANG_WARN_BOOL_CONVERSION = YES;
				CLANG_WARN_COMMA = YES;
				CLANG_WARN_CONSTANT_CONVERSION = YES;
				CLANG_WARN_DEPRECATED_OBJC_IMPLEMENTATIONS = YES;
				CLANG_WARN_DIRECT_OBJC_ISA_USAGE = YES_ERROR;
				CLANG_WARN_DOCUMENTATION_COMMENTS = YES;
				CLANG_WARN_EMPTY_BODY = YES;
				CLANG_WARN_ENUM_CONVERSION = YES;
				CLANG_WARN_INFINITE_RECURSION = YES;
				CLANG_WARN_INT_CONVERSION = YES;
				CLANG_WARN_NON_LITERAL_NULL_CONVERSION = YES;
				CLANG_WARN_OBJC_IMPLICIT_RETAIN_SELF = YES;
				CLANG_WARN_OBJC_LITERAL_CONVERSION = YES;
				CLANG_WARN_OBJC_ROOT_CLASS = YES_ERROR;
				CLANG_WARN_QUOTED_INCLUDE_IN_FRAMEWORK_HEADER = YES;
				CLANG_WARN_RANGE_LOOP_ANALYSIS = YES;
				CLANG_WARN_STRICT_PROTOTYPES = YES;
				CLANG_WARN_SUSPICIOUS_MOVE = YES;
				CLANG_WARN_UNGUARDED_AVAILABILITY = YES_AGGRESSIVE;
				CLANG_WARN_UNREACHABLE_CODE = YES;
				CLANG_WARN__DUPLICATE_METHOD_MATCH = YES;
				COPY_PHASE_STRIP = NO;
				DEBUG_INFORMATION_FORMAT = "dwarf-with-dsym";
				ENABLE_NS_ASSERTIONS = NO;
				ENABLE_STRICT_OBJC_MSGSEND = YES;
				GCC_C_LANGUAGE_STANDARD = gnu11;
				GCC_NO_COMMON_BLOCKS = YES;
				GCC_WARN_64_TO_32_BIT_CONVERSION = YES;
				GCC_WARN_ABOUT_RETURN_TYPE = YES_ERROR;
				GCC_WARN_UNDECLARED_SELECTOR = YES;
				GCC_WARN_UNINITIALIZED_AUTOS = YES_AGGRESSIVE;
				GCC_WARN_UNUSED_FUNCTION = YES;
				GCC_WARN_UNUSED_VARIABLE = YES;
				IPHONEOS_DEPLOYMENT_TARGET = 16.4;
				MTL_ENABLE_DEBUG_INFO = NO;
				MTL_FAST_MATH = YES;
				SDKROOT = iphoneos;
				SWIFT_COMPILATION_MODE = wholemodule;
				SWIFT_OPTIMIZATION_LEVEL = "-O";
				VALIDATE_PRODUCT = YES;
			};
			name = Release;
		};
		65DD120829E6845E00A3B8DD /* Debug */ = {
			isa = XCBuildConfiguration;
			baseConfigurationReference = D2935A47F02BDB207D88AACE /* Pods-Monasba.debug.xcconfig */;
			buildSettings = {
				ASSETCATALOG_COMPILER_APPICON_NAME = AppIcon;
				ASSETCATALOG_COMPILER_GLOBAL_ACCENT_COLOR_NAME = AccentColor;
				CODE_SIGN_STYLE = Automatic;
				CURRENT_PROJECT_VERSION = 1;
				DEVELOPMENT_TEAM = 497UEXZ83L;
				GENERATE_INFOPLIST_FILE = YES;
				INFOPLIST_FILE = Monasba/Info.plist;
				INFOPLIST_KEY_UIApplicationSupportsIndirectInputEvents = YES;
				INFOPLIST_KEY_UILaunchStoryboardName = LaunchScreen;
				INFOPLIST_KEY_UIMainStoryboardFile = Main;
				INFOPLIST_KEY_UISupportedInterfaceOrientations_iPad = "UIInterfaceOrientationPortrait UIInterfaceOrientationPortraitUpsideDown UIInterfaceOrientationLandscapeLeft UIInterfaceOrientationLandscapeRight";
				INFOPLIST_KEY_UISupportedInterfaceOrientations_iPhone = "UIInterfaceOrientationPortrait UIInterfaceOrientationLandscapeLeft UIInterfaceOrientationLandscapeRight";
				LD_RUNPATH_SEARCH_PATHS = (
					"$(inherited)",
					"@executable_path/Frameworks",
				);
				MARKETING_VERSION = 1.0;
				PRODUCT_BUNDLE_IDENTIFIER = com.bluezone.Monasba;
				PRODUCT_NAME = "$(TARGET_NAME)";
				SWIFT_EMIT_LOC_STRINGS = YES;
				SWIFT_VERSION = 5.0;
				TARGETED_DEVICE_FAMILY = "1,2";
			};
			name = Debug;
		};
		65DD120929E6845E00A3B8DD /* Release */ = {
			isa = XCBuildConfiguration;
			baseConfigurationReference = 3AAA4616B8394696D95E23AB /* Pods-Monasba.release.xcconfig */;
			buildSettings = {
				ASSETCATALOG_COMPILER_APPICON_NAME = AppIcon;
				ASSETCATALOG_COMPILER_GLOBAL_ACCENT_COLOR_NAME = AccentColor;
				CODE_SIGN_STYLE = Automatic;
				CURRENT_PROJECT_VERSION = 1;
				DEVELOPMENT_TEAM = 497UEXZ83L;
				GENERATE_INFOPLIST_FILE = YES;
				INFOPLIST_FILE = Monasba/Info.plist;
				INFOPLIST_KEY_UIApplicationSupportsIndirectInputEvents = YES;
				INFOPLIST_KEY_UILaunchStoryboardName = LaunchScreen;
				INFOPLIST_KEY_UIMainStoryboardFile = Main;
				INFOPLIST_KEY_UISupportedInterfaceOrientations_iPad = "UIInterfaceOrientationPortrait UIInterfaceOrientationPortraitUpsideDown UIInterfaceOrientationLandscapeLeft UIInterfaceOrientationLandscapeRight";
				INFOPLIST_KEY_UISupportedInterfaceOrientations_iPhone = "UIInterfaceOrientationPortrait UIInterfaceOrientationLandscapeLeft UIInterfaceOrientationLandscapeRight";
				LD_RUNPATH_SEARCH_PATHS = (
					"$(inherited)",
					"@executable_path/Frameworks",
				);
				MARKETING_VERSION = 1.0;
				PRODUCT_BUNDLE_IDENTIFIER = com.bluezone.Monasba;
				PRODUCT_NAME = "$(TARGET_NAME)";
				SWIFT_EMIT_LOC_STRINGS = YES;
				SWIFT_VERSION = 5.0;
				TARGETED_DEVICE_FAMILY = "1,2";
			};
			name = Release;
		};
/* End XCBuildConfiguration section */

/* Begin XCConfigurationList section */
		65DD11EE29E6845D00A3B8DD /* Build configuration list for PBXProject "Monasba" */ = {
			isa = XCConfigurationList;
			buildConfigurations = (
				65DD120529E6845E00A3B8DD /* Debug */,
				65DD120629E6845E00A3B8DD /* Release */,
			);
			defaultConfigurationIsVisible = 0;
			defaultConfigurationName = Release;
		};
		65DD120729E6845E00A3B8DD /* Build configuration list for PBXNativeTarget "Monasba" */ = {
			isa = XCConfigurationList;
			buildConfigurations = (
				65DD120829E6845E00A3B8DD /* Debug */,
				65DD120929E6845E00A3B8DD /* Release */,
			);
			defaultConfigurationIsVisible = 0;
			defaultConfigurationName = Release;
		};
/* End XCConfigurationList section */
	};
	rootObject = 65DD11EB29E6845D00A3B8DD /* Project object */;
}
